// !$*UTF8*$!
{
	archiveVersion = 1;
	classes = {
	};
	objectVersion = 46;
	objects = {

/* Begin PBXBuildFile section */
		405567D21817FA4500AFDFC8 /* libTestFlight.a in Frameworks */ = {isa = PBXBuildFile; fileRef = 405567CE1817FA4500AFDFC8 /* libTestFlight.a */; settings = {ATTRIBUTES = (Weak, ); }; };
		405567D61817FB1B00AFDFC8 /* libz.dylib in Frameworks */ = {isa = PBXBuildFile; fileRef = 405567D51817FB1B00AFDFC8 /* libz.dylib */; settings = {ATTRIBUTES = (Weak, ); }; };
		405567D81817FB2500AFDFC8 /* AdSupport.framework in Frameworks */ = {isa = PBXBuildFile; fileRef = 405567D71817FB2500AFDFC8 /* AdSupport.framework */; settings = {ATTRIBUTES = (Weak, ); }; };
		406174311817DD9B0098E72A /* CoreTelephony.framework in Frameworks */ = {isa = PBXBuildFile; fileRef = 406174301817DD9B0098E72A /* CoreTelephony.framework */; settings = {ATTRIBUTES = (Weak, ); }; };
		4080C935180EB98100B22B7D /* Application.m in Sources */ = {isa = PBXBuildFile; fileRef = 4080C8FD180EB98100B22B7D /* Application.m */; };
		4080C936180EB98100B22B7D /* Window.m in Sources */ = {isa = PBXBuildFile; fileRef = 4080C8FF180EB98100B22B7D /* Window.m */; };
		4080C937180EB98100B22B7D /* FGAccordionView.m in Sources */ = {isa = PBXBuildFile; fileRef = 4080C904180EB98100B22B7D /* FGAccordionView.m */; };
		4080C939180EB98100B22B7D /* FGUIKit.m in Sources */ = {isa = PBXBuildFile; fileRef = 4080C90A180EB98100B22B7D /* FGUIKit.m */; };
		4080C93A180EB98100B22B7D /* FGSlideNavigation.m in Sources */ = {isa = PBXBuildFile; fileRef = 4080C90D180EB98100B22B7D /* FGSlideNavigation.m */; };
		4080C978180EBA5100B22B7D /* LaunchViewController-iPhone.xib in Resources */ = {isa = PBXBuildFile; fileRef = 4080C956180EBA5100B22B7D /* LaunchViewController-iPhone.xib */; };
		4080C979180EBA5100B22B7D /* LaunchViewController.m in Sources */ = {isa = PBXBuildFile; fileRef = 4080C958180EBA5100B22B7D /* LaunchViewController.m */; };
		4080C97C180EBA5100B22B7D /* MainMenuController-iPhone.xib in Resources */ = {isa = PBXBuildFile; fileRef = 4080C95E180EBA5100B22B7D /* MainMenuController-iPhone.xib */; };
		4080C97D180EBA5100B22B7D /* MainMenuController.m in Sources */ = {isa = PBXBuildFile; fileRef = 4080C960180EBA5100B22B7D /* MainMenuController.m */; };
		4080C97E180EBA5100B22B7D /* MainNavigationController.m in Sources */ = {isa = PBXBuildFile; fileRef = 4080C962180EBA5100B22B7D /* MainNavigationController.m */; };
		4080C986180EBA5100B22B7D /* CoreNavigationController.m in Sources */ = {isa = PBXBuildFile; fileRef = 4080C970180EBA5100B22B7D /* CoreNavigationController.m */; };
		4080C987180EBA5100B22B7D /* CoreViewController.m in Sources */ = {isa = PBXBuildFile; fileRef = 4080C972180EBA5100B22B7D /* CoreViewController.m */; };
		4080C98A180EBB2000B22B7D /* LaunchNavigationController.m in Sources */ = {isa = PBXBuildFile; fileRef = 4080C989180EBB2000B22B7D /* LaunchNavigationController.m */; };
		4080C990180EBE7400B22B7D /* Buttons.m in Sources */ = {isa = PBXBuildFile; fileRef = 4080C98D180EBE7400B22B7D /* Buttons.m */; };
		4080C991180EBE7400B22B7D /* NavigationBar.m in Sources */ = {isa = PBXBuildFile; fileRef = 4080C98F180EBE7400B22B7D /* NavigationBar.m */; };
		408A7596180D2D5B00BBD08D /* InfoPlist.strings in Resources */ = {isa = PBXBuildFile; fileRef = 40B824AE180BCB4300DDA03A /* InfoPlist.strings */; };
		408A7597180D2D5E00BBD08D /* Localizable.strings in Resources */ = {isa = PBXBuildFile; fileRef = 4051AE9C180BD70F00C6D50B /* Localizable.strings */; };
		408AD090180ED08900D49116 /* ContentViewController-iPhone.xib in Resources */ = {isa = PBXBuildFile; fileRef = 408AD08D180ED08900D49116 /* ContentViewController-iPhone.xib */; };
		408AD091180ED08900D49116 /* ContentViewController.m in Sources */ = {isa = PBXBuildFile; fileRef = 408AD08F180ED08900D49116 /* ContentViewController.m */; };
		408AD096180EDCD900D49116 /* icon_shop@2x.png in Resources */ = {isa = PBXBuildFile; fileRef = 408AD092180EDCD900D49116 /* icon_shop@2x.png */; };
		408AD097180EDCD900D49116 /* icon_advertising@2x.png in Resources */ = {isa = PBXBuildFile; fileRef = 408AD093180EDCD900D49116 /* icon_advertising@2x.png */; };
		408AD098180EDCD900D49116 /* icon_survey@2x.png in Resources */ = {isa = PBXBuildFile; fileRef = 408AD094180EDCD900D49116 /* icon_survey@2x.png */; };
		408AD099180EDCD900D49116 /* navbar@2x.png in Resources */ = {isa = PBXBuildFile; fileRef = 408AD095180EDCD900D49116 /* navbar@2x.png */; };
		408AD09E180EDCDF00D49116 /* shop_button@2x.png in Resources */ = {isa = PBXBuildFile; fileRef = 408AD09B180EDCDF00D49116 /* shop_button@2x.png */; };
		408AD09F180EDCDF00D49116 /* advertising_button@2x.png in Resources */ = {isa = PBXBuildFile; fileRef = 408AD09C180EDCDF00D49116 /* advertising_button@2x.png */; };
		408AD0A0180EDCDF00D49116 /* survey_button@2x.png in Resources */ = {isa = PBXBuildFile; fileRef = 408AD09D180EDCDF00D49116 /* survey_button@2x.png */; };
		408AD0A2180EDF4200D49116 /* button_basic@2x.png in Resources */ = {isa = PBXBuildFile; fileRef = 408AD0A1180EDF4200D49116 /* button_basic@2x.png */; };
		408AD0A4180EE35700D49116 /* navbar_menu@2x.png in Resources */ = {isa = PBXBuildFile; fileRef = 408AD0A3180EE35700D49116 /* navbar_menu@2x.png */; };
		408AD0A7180EE4A800D49116 /* button_menu_normal@2x.png in Resources */ = {isa = PBXBuildFile; fileRef = 408AD0A5180EE4A800D49116 /* button_menu_normal@2x.png */; };
		408AD0A8180EE4A800D49116 /* button_menu_select@2x.png in Resources */ = {isa = PBXBuildFile; fileRef = 408AD0A6180EE4A800D49116 /* button_menu_select@2x.png */; };
		40B824A6180BCB4300DDA03A /* Foundation.framework in Frameworks */ = {isa = PBXBuildFile; fileRef = 40B824A5180BCB4300DDA03A /* Foundation.framework */; settings = {ATTRIBUTES = (Weak, ); }; };
		40B824A8180BCB4300DDA03A /* CoreGraphics.framework in Frameworks */ = {isa = PBXBuildFile; fileRef = 40B824A7180BCB4300DDA03A /* CoreGraphics.framework */; settings = {ATTRIBUTES = (Weak, ); }; };
		40B824AA180BCB4300DDA03A /* UIKit.framework in Frameworks */ = {isa = PBXBuildFile; fileRef = 40B824A9180BCB4300DDA03A /* UIKit.framework */; settings = {ATTRIBUTES = (Weak, ); }; };
		40B824B2180BCB4300DDA03A /* main.m in Sources */ = {isa = PBXBuildFile; fileRef = 40B824B1180BCB4300DDA03A /* main.m */; };
		40B824C4180BCB4300DDA03A /* Images.xcassets in Resources */ = {isa = PBXBuildFile; fileRef = 40B824C3180BCB4300DDA03A /* Images.xcassets */; };
		40B824EB180BCB6F00DDA03A /* QuartzCore.framework in Frameworks */ = {isa = PBXBuildFile; fileRef = 40B824EA180BCB6F00DDA03A /* QuartzCore.framework */; settings = {ATTRIBUTES = (Weak, ); }; };
		40B824ED180BCB7500DDA03A /* CoreLocation.framework in Frameworks */ = {isa = PBXBuildFile; fileRef = 40B824EC180BCB7500DDA03A /* CoreLocation.framework */; settings = {ATTRIBUTES = (Weak, ); }; };
		40DB19AE182C353300BA4CC1 /* SystemConfiguration.framework in Frameworks */ = {isa = PBXBuildFile; fileRef = 40DB19AD182C353300BA4CC1 /* SystemConfiguration.framework */; settings = {ATTRIBUTES = (Weak, ); }; };
		40E6976B180EE9C600F01318 /* navbar_preference@2x.png in Resources */ = {isa = PBXBuildFile; fileRef = 40E6976A180EE9C600F01318 /* navbar_preference@2x.png */; };
		40E6976F180EEDC200F01318 /* PreferenceViewController.xib in Resources */ = {isa = PBXBuildFile; fileRef = 40E6976C180EEDC100F01318 /* PreferenceViewController.xib */; };
		40E69770180EEDC200F01318 /* PreferenceViewController.m in Sources */ = {isa = PBXBuildFile; fileRef = 40E6976E180EEDC100F01318 /* PreferenceViewController.m */; };
		40E69776180F2C3B00F01318 /* LaunchViewController-iPad.xib in Resources */ = {isa = PBXBuildFile; fileRef = 40E69775180F2C3B00F01318 /* LaunchViewController-iPad.xib */; };
		40E69778180F2D2400F01318 /* ContentViewController-iPad.xib in Resources */ = {isa = PBXBuildFile; fileRef = 40E69777180F2D2400F01318 /* ContentViewController-iPad.xib */; };
		40E6977A180F2D4100F01318 /* MainMenuController-iPad.xib in Resources */ = {isa = PBXBuildFile; fileRef = 40E69779180F2D4100F01318 /* MainMenuController-iPad.xib */; };
		4459D10F1AE90A5F0062C1D4 /* UIImage+CameraFilters.m in Sources */ = {isa = PBXBuildFile; fileRef = 4459D10E1AE90A5F0062C1D4 /* UIImage+CameraFilters.m */; };
		4459D1181AE90A6A0062C1D4 /* TGCameraAuthorizationViewController.m in Sources */ = {isa = PBXBuildFile; fileRef = 4459D1111AE90A6A0062C1D4 /* TGCameraAuthorizationViewController.m */; };
		4459D1191AE90A6A0062C1D4 /* TGCameraNavigationController.m in Sources */ = {isa = PBXBuildFile; fileRef = 4459D1131AE90A6A0062C1D4 /* TGCameraNavigationController.m */; };
		4459D11A1AE90A6A0062C1D4 /* TGCameraViewController.m in Sources */ = {isa = PBXBuildFile; fileRef = 4459D1151AE90A6A0062C1D4 /* TGCameraViewController.m */; };
		4459D11B1AE90A6A0062C1D4 /* TGPhotoViewController.m in Sources */ = {isa = PBXBuildFile; fileRef = 4459D1171AE90A6A0062C1D4 /* TGPhotoViewController.m */; };
		4459D11E1AE90A750062C1D4 /* TGAssetImageFile.m in Sources */ = {isa = PBXBuildFile; fileRef = 4459D11D1AE90A750062C1D4 /* TGAssetImageFile.m */; };
		4459D1311AE90A820062C1D4 /* TGAlbum.m in Sources */ = {isa = PBXBuildFile; fileRef = 4459D1201AE90A820062C1D4 /* TGAlbum.m */; };
		4459D1321AE90A820062C1D4 /* TGAssetsLibrary.m in Sources */ = {isa = PBXBuildFile; fileRef = 4459D1221AE90A820062C1D4 /* TGAssetsLibrary.m */; };
		4459D1331AE90A820062C1D4 /* TGCamera.m in Sources */ = {isa = PBXBuildFile; fileRef = 4459D1241AE90A820062C1D4 /* TGCamera.m */; };
		4459D1341AE90A820062C1D4 /* TGCameraColor.m in Sources */ = {isa = PBXBuildFile; fileRef = 4459D1261AE90A820062C1D4 /* TGCameraColor.m */; };
		4459D1351AE90A820062C1D4 /* TGCameraFlash.m in Sources */ = {isa = PBXBuildFile; fileRef = 4459D1281AE90A820062C1D4 /* TGCameraFlash.m */; };
		4459D1361AE90A820062C1D4 /* TGCameraFocus.m in Sources */ = {isa = PBXBuildFile; fileRef = 4459D12A1AE90A820062C1D4 /* TGCameraFocus.m */; };
		4459D1371AE90A820062C1D4 /* TGCameraGrid.m in Sources */ = {isa = PBXBuildFile; fileRef = 4459D12C1AE90A820062C1D4 /* TGCameraGrid.m */; };
		4459D1381AE90A820062C1D4 /* TGCameraShot.m in Sources */ = {isa = PBXBuildFile; fileRef = 4459D12E1AE90A820062C1D4 /* TGCameraShot.m */; };
		4459D1391AE90A820062C1D4 /* TGCameraToggle.m in Sources */ = {isa = PBXBuildFile; fileRef = 4459D1301AE90A820062C1D4 /* TGCameraToggle.m */; };
		4459D14C1AE90A960062C1D4 /* AppIcon.appiconset in Resources */ = {isa = PBXBuildFile; fileRef = 4459D13A1AE90A960062C1D4 /* AppIcon.appiconset */; };
		4459D14D1AE90A960062C1D4 /* CameraBack.imageset in Resources */ = {isa = PBXBuildFile; fileRef = 4459D13B1AE90A960062C1D4 /* CameraBack.imageset */; };
		4459D14E1AE90A960062C1D4 /* CameraClose.imageset in Resources */ = {isa = PBXBuildFile; fileRef = 4459D13C1AE90A960062C1D4 /* CameraClose.imageset */; };
		4459D14F1AE90A960062C1D4 /* CameraConfirm.imageset in Resources */ = {isa = PBXBuildFile; fileRef = 4459D13D1AE90A960062C1D4 /* CameraConfirm.imageset */; };
		4459D1501AE90A960062C1D4 /* CameraDetail.imageset in Resources */ = {isa = PBXBuildFile; fileRef = 4459D13E1AE90A960062C1D4 /* CameraDetail.imageset */; };
		4459D1511AE90A960062C1D4 /* CameraEffectCurve.imageset in Resources */ = {isa = PBXBuildFile; fileRef = 4459D13F1AE90A960062C1D4 /* CameraEffectCurve.imageset */; };
		4459D1521AE90A960062C1D4 /* CameraEffectDefault.imageset in Resources */ = {isa = PBXBuildFile; fileRef = 4459D1401AE90A960062C1D4 /* CameraEffectDefault.imageset */; };
		4459D1531AE90A960062C1D4 /* CameraEffectSature.imageset in Resources */ = {isa = PBXBuildFile; fileRef = 4459D1411AE90A960062C1D4 /* CameraEffectSature.imageset */; };
		4459D1541AE90A960062C1D4 /* CameraEffectVignette.imageset in Resources */ = {isa = PBXBuildFile; fileRef = 4459D1421AE90A960062C1D4 /* CameraEffectVignette.imageset */; };
		4459D1551AE90A960062C1D4 /* CameraFilter.imageset in Resources */ = {isa = PBXBuildFile; fileRef = 4459D1431AE90A960062C1D4 /* CameraFilter.imageset */; };
		4459D1561AE90A960062C1D4 /* CameraFlashAuto.imageset in Resources */ = {isa = PBXBuildFile; fileRef = 4459D1441AE90A960062C1D4 /* CameraFlashAuto.imageset */; };
		4459D1571AE90A960062C1D4 /* CameraFlashOff.imageset in Resources */ = {isa = PBXBuildFile; fileRef = 4459D1451AE90A960062C1D4 /* CameraFlashOff.imageset */; };
		4459D1581AE90A960062C1D4 /* CameraFlashOn.imageset in Resources */ = {isa = PBXBuildFile; fileRef = 4459D1461AE90A960062C1D4 /* CameraFlashOn.imageset */; };
		4459D1591AE90A960062C1D4 /* CameraGrid.imageset in Resources */ = {isa = PBXBuildFile; fileRef = 4459D1471AE90A960062C1D4 /* CameraGrid.imageset */; };
		4459D15A1AE90A960062C1D4 /* CameraRoll.imageset in Resources */ = {isa = PBXBuildFile; fileRef = 4459D1481AE90A960062C1D4 /* CameraRoll.imageset */; };
		4459D15B1AE90A960062C1D4 /* CameraShot.imageset in Resources */ = {isa = PBXBuildFile; fileRef = 4459D1491AE90A960062C1D4 /* CameraShot.imageset */; };
		4459D15C1AE90A960062C1D4 /* CameraToggle.imageset in Resources */ = {isa = PBXBuildFile; fileRef = 4459D14A1AE90A960062C1D4 /* CameraToggle.imageset */; };
		4459D15D1AE90A960062C1D4 /* LaunchImage.launchimage in Resources */ = {isa = PBXBuildFile; fileRef = 4459D14B1AE90A960062C1D4 /* LaunchImage.launchimage */; };
		4459D16A1AE90AA40062C1D4 /* TGCameraFilterView.m in Sources */ = {isa = PBXBuildFile; fileRef = 4459D15F1AE90AA40062C1D4 /* TGCameraFilterView.m */; };
		4459D16B1AE90AA40062C1D4 /* TGCameraFocusView.m in Sources */ = {isa = PBXBuildFile; fileRef = 4459D1611AE90AA40062C1D4 /* TGCameraFocusView.m */; };
		4459D16C1AE90AA40062C1D4 /* TGCameraGridView.m in Sources */ = {isa = PBXBuildFile; fileRef = 4459D1631AE90AA40062C1D4 /* TGCameraGridView.m */; };
		4459D16D1AE90AA40062C1D4 /* TGCameraSlideDownView.m in Sources */ = {isa = PBXBuildFile; fileRef = 4459D1651AE90AA40062C1D4 /* TGCameraSlideDownView.m */; };
		4459D16E1AE90AA40062C1D4 /* TGCameraSlideUpView.m in Sources */ = {isa = PBXBuildFile; fileRef = 4459D1671AE90AA40062C1D4 /* TGCameraSlideUpView.m */; };
		4459D16F1AE90AA40062C1D4 /* TGCameraSlideView.m in Sources */ = {isa = PBXBuildFile; fileRef = 4459D1691AE90AA40062C1D4 /* TGCameraSlideView.m */; };
		4459D1761AE90ADB0062C1D4 /* TGCameraAuthorizationViewController.xib in Resources */ = {isa = PBXBuildFile; fileRef = 4459D1701AE90ADB0062C1D4 /* TGCameraAuthorizationViewController.xib */; };
		4459D1771AE90ADB0062C1D4 /* TGCameraViewController.xib in Resources */ = {isa = PBXBuildFile; fileRef = 4459D1721AE90ADB0062C1D4 /* TGCameraViewController.xib */; };
		4459D1781AE90ADB0062C1D4 /* TGPhotoViewController.xib in Resources */ = {isa = PBXBuildFile; fileRef = 4459D1741AE90ADB0062C1D4 /* TGPhotoViewController.xib */; };
		4459D17B1AE90B460062C1D4 /* TGCameraAuthorizationViewController.strings in Resources */ = {isa = PBXBuildFile; fileRef = 4459D1791AE90B460062C1D4 /* TGCameraAuthorizationViewController.strings */; };
		44691C701A82610700736084 /* libProBtn-1.2.3.a in Frameworks */ = {isa = PBXBuildFile; fileRef = 44691C6F1A82610700736084 /* libProBtn-1.2.3.a */; };
		75A92C641850EFA3005D04C1 /* eqwid_button_active@2x.png in Resources */ = {isa = PBXBuildFile; fileRef = 75A92C621850EFA3005D04C1 /* eqwid_button_active@2x.png */; };
		75A92C651850EFA3005D04C1 /* eqwid_button@2x.png in Resources */ = {isa = PBXBuildFile; fileRef = 75A92C631850EFA3005D04C1 /* eqwid_button@2x.png */; };
		75A92C6C1851E1EA005D04C1 /* chicago_bulls2_button_active@2x.png in Resources */ = {isa = PBXBuildFile; fileRef = 75A92C681851E1EA005D04C1 /* chicago_bulls2_button_active@2x.png */; };
		75A92C6D1851E1EA005D04C1 /* chicago_bulls2_button@2x.png in Resources */ = {isa = PBXBuildFile; fileRef = 75A92C691851E1EA005D04C1 /* chicago_bulls2_button@2x.png */; };
		75A92C701851E230005D04C1 /* chicago_bulls1_button_active@2x.png in Resources */ = {isa = PBXBuildFile; fileRef = 75A92C6E1851E230005D04C1 /* chicago_bulls1_button_active@2x.png */; };
		75A92C711851E230005D04C1 /* chicago_bulls1_button@2x.png in Resources */ = {isa = PBXBuildFile; fileRef = 75A92C6F1851E230005D04C1 /* chicago_bulls1_button@2x.png */; };
		75A92C741851F045005D04C1 /* icon_chicago_bulls1@2x.png in Resources */ = {isa = PBXBuildFile; fileRef = 75A92C721851F045005D04C1 /* icon_chicago_bulls1@2x.png */; };
		75A92C751851F045005D04C1 /* icon_chicago_bulls2@2x.png in Resources */ = {isa = PBXBuildFile; fileRef = 75A92C731851F045005D04C1 /* icon_chicago_bulls2@2x.png */; };
		75A92C771851F09A005D04C1 /* icon_eqwid@2x.png in Resources */ = {isa = PBXBuildFile; fileRef = 75A92C761851F09A005D04C1 /* icon_eqwid@2x.png */; };
/* End PBXBuildFile section */

/* Begin PBXFileReference section */
		4051AE9D180BD70F00C6D50B /* en */ = {isa = PBXFileReference; lastKnownFileType = text.plist.strings; name = en; path = Kitchensink/en.lproj/Localizable.strings; sourceTree = "<group>"; };
		405567CE1817FA4500AFDFC8 /* libTestFlight.a */ = {isa = PBXFileReference; lastKnownFileType = archive.ar; path = libTestFlight.a; sourceTree = "<group>"; };
		405567CF1817FA4500AFDFC8 /* TestFlight+AsyncLogging.h */ = {isa = PBXFileReference; fileEncoding = 4; lastKnownFileType = sourcecode.c.h; path = "TestFlight+AsyncLogging.h"; sourceTree = "<group>"; };
		405567D01817FA4500AFDFC8 /* TestFlight+ManualSessions.h */ = {isa = PBXFileReference; fileEncoding = 4; lastKnownFileType = sourcecode.c.h; path = "TestFlight+ManualSessions.h"; sourceTree = "<group>"; };
		405567D11817FA4500AFDFC8 /* TestFlight.h */ = {isa = PBXFileReference; fileEncoding = 4; lastKnownFileType = sourcecode.c.h; path = TestFlight.h; sourceTree = "<group>"; };
		405567D51817FB1B00AFDFC8 /* libz.dylib */ = {isa = PBXFileReference; lastKnownFileType = "compiled.mach-o.dylib"; name = libz.dylib; path = usr/lib/libz.dylib; sourceTree = SDKROOT; };
		405567D71817FB2500AFDFC8 /* AdSupport.framework */ = {isa = PBXFileReference; lastKnownFileType = wrapper.framework; name = AdSupport.framework; path = System/Library/Frameworks/AdSupport.framework; sourceTree = SDKROOT; };
		406174301817DD9B0098E72A /* CoreTelephony.framework */ = {isa = PBXFileReference; lastKnownFileType = wrapper.framework; name = CoreTelephony.framework; path = System/Library/Frameworks/CoreTelephony.framework; sourceTree = SDKROOT; };
		4080C8FC180EB98100B22B7D /* Application.h */ = {isa = PBXFileReference; fileEncoding = 4; lastKnownFileType = sourcecode.c.h; path = Application.h; sourceTree = "<group>"; };
		4080C8FD180EB98100B22B7D /* Application.m */ = {isa = PBXFileReference; fileEncoding = 4; lastKnownFileType = sourcecode.c.objc; path = Application.m; sourceTree = "<group>"; };
		4080C8FE180EB98100B22B7D /* Window.h */ = {isa = PBXFileReference; fileEncoding = 4; lastKnownFileType = sourcecode.c.h; path = Window.h; sourceTree = "<group>"; };
		4080C8FF180EB98100B22B7D /* Window.m */ = {isa = PBXFileReference; fileEncoding = 4; lastKnownFileType = sourcecode.c.objc; path = Window.m; sourceTree = "<group>"; };
		4080C903180EB98100B22B7D /* FGAccordionView.h */ = {isa = PBXFileReference; fileEncoding = 4; lastKnownFileType = sourcecode.c.h; path = FGAccordionView.h; sourceTree = "<group>"; };
		4080C904180EB98100B22B7D /* FGAccordionView.m */ = {isa = PBXFileReference; fileEncoding = 4; lastKnownFileType = sourcecode.c.objc; path = FGAccordionView.m; sourceTree = "<group>"; };
		4080C906180EB98100B22B7D /* FGCore.h */ = {isa = PBXFileReference; fileEncoding = 4; lastKnownFileType = sourcecode.c.h; path = FGCore.h; sourceTree = "<group>"; };
		4080C909180EB98100B22B7D /* FGUIKit.h */ = {isa = PBXFileReference; fileEncoding = 4; lastKnownFileType = sourcecode.c.h; path = FGUIKit.h; sourceTree = "<group>"; };
		4080C90A180EB98100B22B7D /* FGUIKit.m */ = {isa = PBXFileReference; fileEncoding = 4; lastKnownFileType = sourcecode.c.objc; path = FGUIKit.m; sourceTree = "<group>"; };
		4080C90C180EB98100B22B7D /* FGSlideNavigation.h */ = {isa = PBXFileReference; fileEncoding = 4; lastKnownFileType = sourcecode.c.h; path = FGSlideNavigation.h; sourceTree = "<group>"; };
		4080C90D180EB98100B22B7D /* FGSlideNavigation.m */ = {isa = PBXFileReference; fileEncoding = 4; lastKnownFileType = sourcecode.c.objc; path = FGSlideNavigation.m; sourceTree = "<group>"; };
		4080C956180EBA5100B22B7D /* LaunchViewController-iPhone.xib */ = {isa = PBXFileReference; fileEncoding = 4; lastKnownFileType = file.xib; path = "LaunchViewController-iPhone.xib"; sourceTree = "<group>"; };
		4080C957180EBA5100B22B7D /* LaunchViewController.h */ = {isa = PBXFileReference; fileEncoding = 4; lastKnownFileType = sourcecode.c.h; path = LaunchViewController.h; sourceTree = "<group>"; };
		4080C958180EBA5100B22B7D /* LaunchViewController.m */ = {isa = PBXFileReference; fileEncoding = 4; lastKnownFileType = sourcecode.c.objc; path = LaunchViewController.m; sourceTree = "<group>"; };
		4080C95E180EBA5100B22B7D /* MainMenuController-iPhone.xib */ = {isa = PBXFileReference; fileEncoding = 4; lastKnownFileType = file.xib; path = "MainMenuController-iPhone.xib"; sourceTree = "<group>"; };
		4080C95F180EBA5100B22B7D /* MainMenuController.h */ = {isa = PBXFileReference; fileEncoding = 4; lastKnownFileType = sourcecode.c.h; path = MainMenuController.h; sourceTree = "<group>"; };
		4080C960180EBA5100B22B7D /* MainMenuController.m */ = {isa = PBXFileReference; fileEncoding = 4; lastKnownFileType = sourcecode.c.objc; path = MainMenuController.m; sourceTree = "<group>"; };
		4080C961180EBA5100B22B7D /* MainNavigationController.h */ = {isa = PBXFileReference; fileEncoding = 4; lastKnownFileType = sourcecode.c.h; path = MainNavigationController.h; sourceTree = "<group>"; };
		4080C962180EBA5100B22B7D /* MainNavigationController.m */ = {isa = PBXFileReference; fileEncoding = 4; lastKnownFileType = sourcecode.c.objc; path = MainNavigationController.m; sourceTree = "<group>"; };
		4080C96F180EBA5100B22B7D /* CoreNavigationController.h */ = {isa = PBXFileReference; fileEncoding = 4; lastKnownFileType = sourcecode.c.h; path = CoreNavigationController.h; sourceTree = "<group>"; };
		4080C970180EBA5100B22B7D /* CoreNavigationController.m */ = {isa = PBXFileReference; fileEncoding = 4; lastKnownFileType = sourcecode.c.objc; path = CoreNavigationController.m; sourceTree = "<group>"; };
		4080C971180EBA5100B22B7D /* CoreViewController.h */ = {isa = PBXFileReference; fileEncoding = 4; lastKnownFileType = sourcecode.c.h; path = CoreViewController.h; sourceTree = "<group>"; };
		4080C972180EBA5100B22B7D /* CoreViewController.m */ = {isa = PBXFileReference; fileEncoding = 4; lastKnownFileType = sourcecode.c.objc; path = CoreViewController.m; sourceTree = "<group>"; };
		4080C988180EBB2000B22B7D /* LaunchNavigationController.h */ = {isa = PBXFileReference; fileEncoding = 4; lastKnownFileType = sourcecode.c.h; path = LaunchNavigationController.h; sourceTree = "<group>"; };
		4080C989180EBB2000B22B7D /* LaunchNavigationController.m */ = {isa = PBXFileReference; fileEncoding = 4; lastKnownFileType = sourcecode.c.objc; path = LaunchNavigationController.m; sourceTree = "<group>"; };
		4080C98C180EBE7400B22B7D /* Buttons.h */ = {isa = PBXFileReference; fileEncoding = 4; lastKnownFileType = sourcecode.c.h; path = Buttons.h; sourceTree = "<group>"; };
		4080C98D180EBE7400B22B7D /* Buttons.m */ = {isa = PBXFileReference; fileEncoding = 4; lastKnownFileType = sourcecode.c.objc; path = Buttons.m; sourceTree = "<group>"; };
		4080C98E180EBE7400B22B7D /* NavigationBar.h */ = {isa = PBXFileReference; fileEncoding = 4; lastKnownFileType = sourcecode.c.h; path = NavigationBar.h; sourceTree = "<group>"; };
		4080C98F180EBE7400B22B7D /* NavigationBar.m */ = {isa = PBXFileReference; fileEncoding = 4; lastKnownFileType = sourcecode.c.objc; path = NavigationBar.m; sourceTree = "<group>"; };
		40836389183CC92500BDF636 /* libProBtn-1.0.a */ = {isa = PBXFileReference; lastKnownFileType = archive.ar; path = "libProBtn-1.0.a"; sourceTree = "<group>"; };
		4083638A183CC92500BDF636 /* libProBtn-1.1.a */ = {isa = PBXFileReference; lastKnownFileType = archive.ar; path = "libProBtn-1.1.a"; sourceTree = "<group>"; };
		4083638B183CC92500BDF636 /* ProBtn.h */ = {isa = PBXFileReference; fileEncoding = 4; lastKnownFileType = sourcecode.c.h; path = ProBtn.h; sourceTree = "<group>"; };
		4083638C183CC92500BDF636 /* ProBtnVersion.h */ = {isa = PBXFileReference; fileEncoding = 4; lastKnownFileType = sourcecode.c.h; path = ProBtnVersion.h; sourceTree = "<group>"; };
		408AD08D180ED08900D49116 /* ContentViewController-iPhone.xib */ = {isa = PBXFileReference; fileEncoding = 4; lastKnownFileType = file.xib; path = "ContentViewController-iPhone.xib"; sourceTree = "<group>"; };
		408AD08E180ED08900D49116 /* ContentViewController.h */ = {isa = PBXFileReference; fileEncoding = 4; lastKnownFileType = sourcecode.c.h; path = ContentViewController.h; sourceTree = "<group>"; };
		408AD08F180ED08900D49116 /* ContentViewController.m */ = {isa = PBXFileReference; fileEncoding = 4; lastKnownFileType = sourcecode.c.objc; path = ContentViewController.m; sourceTree = "<group>"; };
		408AD092180EDCD900D49116 /* icon_shop@2x.png */ = {isa = PBXFileReference; lastKnownFileType = image.png; path = "icon_shop@2x.png"; sourceTree = "<group>"; };
		408AD093180EDCD900D49116 /* icon_advertising@2x.png */ = {isa = PBXFileReference; lastKnownFileType = image.png; path = "icon_advertising@2x.png"; sourceTree = "<group>"; };
		408AD094180EDCD900D49116 /* icon_survey@2x.png */ = {isa = PBXFileReference; lastKnownFileType = image.png; path = "icon_survey@2x.png"; sourceTree = "<group>"; };
		408AD095180EDCD900D49116 /* navbar@2x.png */ = {isa = PBXFileReference; lastKnownFileType = image.png; path = "navbar@2x.png"; sourceTree = "<group>"; };
		408AD09B180EDCDF00D49116 /* shop_button@2x.png */ = {isa = PBXFileReference; lastKnownFileType = image.png; path = "shop_button@2x.png"; sourceTree = "<group>"; };
		408AD09C180EDCDF00D49116 /* advertising_button@2x.png */ = {isa = PBXFileReference; lastKnownFileType = image.png; path = "advertising_button@2x.png"; sourceTree = "<group>"; };
		408AD09D180EDCDF00D49116 /* survey_button@2x.png */ = {isa = PBXFileReference; lastKnownFileType = image.png; path = "survey_button@2x.png"; sourceTree = "<group>"; };
		408AD0A1180EDF4200D49116 /* button_basic@2x.png */ = {isa = PBXFileReference; lastKnownFileType = image.png; path = "button_basic@2x.png"; sourceTree = "<group>"; };
		408AD0A3180EE35700D49116 /* navbar_menu@2x.png */ = {isa = PBXFileReference; lastKnownFileType = image.png; path = "navbar_menu@2x.png"; sourceTree = "<group>"; };
		408AD0A5180EE4A800D49116 /* button_menu_normal@2x.png */ = {isa = PBXFileReference; lastKnownFileType = image.png; path = "button_menu_normal@2x.png"; sourceTree = "<group>"; };
		408AD0A6180EE4A800D49116 /* button_menu_select@2x.png */ = {isa = PBXFileReference; lastKnownFileType = image.png; path = "button_menu_select@2x.png"; sourceTree = "<group>"; };
		40B824A2180BCB4300DDA03A /* kitchensink-ecwid.app */ = {isa = PBXFileReference; explicitFileType = wrapper.application; includeInIndex = 0; path = "kitchensink-ecwid.app"; sourceTree = BUILT_PRODUCTS_DIR; };
		40B824A5180BCB4300DDA03A /* Foundation.framework */ = {isa = PBXFileReference; lastKnownFileType = wrapper.framework; name = Foundation.framework; path = System/Library/Frameworks/Foundation.framework; sourceTree = SDKROOT; };
		40B824A7180BCB4300DDA03A /* CoreGraphics.framework */ = {isa = PBXFileReference; lastKnownFileType = wrapper.framework; name = CoreGraphics.framework; path = System/Library/Frameworks/CoreGraphics.framework; sourceTree = SDKROOT; };
		40B824A9180BCB4300DDA03A /* UIKit.framework */ = {isa = PBXFileReference; lastKnownFileType = wrapper.framework; name = UIKit.framework; path = System/Library/Frameworks/UIKit.framework; sourceTree = SDKROOT; };
		40B824AD180BCB4300DDA03A /* Kitchensink-Info.plist */ = {isa = PBXFileReference; lastKnownFileType = text.plist.xml; path = "Kitchensink-Info.plist"; sourceTree = "<group>"; };
		40B824AF180BCB4300DDA03A /* en */ = {isa = PBXFileReference; lastKnownFileType = text.plist.strings; name = en; path = en.lproj/InfoPlist.strings; sourceTree = "<group>"; };
		40B824B1180BCB4300DDA03A /* main.m */ = {isa = PBXFileReference; lastKnownFileType = sourcecode.c.objc; path = main.m; sourceTree = "<group>"; };
		40B824B3180BCB4300DDA03A /* Kitchensink-Prefix.pch */ = {isa = PBXFileReference; lastKnownFileType = sourcecode.c.h; path = "Kitchensink-Prefix.pch"; sourceTree = "<group>"; };
		40B824C3180BCB4300DDA03A /* Images.xcassets */ = {isa = PBXFileReference; lastKnownFileType = folder.assetcatalog; path = Images.xcassets; sourceTree = "<group>"; };
		40B824CA180BCB4300DDA03A /* XCTest.framework */ = {isa = PBXFileReference; lastKnownFileType = wrapper.framework; name = XCTest.framework; path = Library/Frameworks/XCTest.framework; sourceTree = DEVELOPER_DIR; };
		40B824EA180BCB6F00DDA03A /* QuartzCore.framework */ = {isa = PBXFileReference; lastKnownFileType = wrapper.framework; name = QuartzCore.framework; path = System/Library/Frameworks/QuartzCore.framework; sourceTree = SDKROOT; };
		40B824EC180BCB7500DDA03A /* CoreLocation.framework */ = {isa = PBXFileReference; lastKnownFileType = wrapper.framework; name = CoreLocation.framework; path = System/Library/Frameworks/CoreLocation.framework; sourceTree = SDKROOT; };
		40DB19AD182C353300BA4CC1 /* SystemConfiguration.framework */ = {isa = PBXFileReference; lastKnownFileType = wrapper.framework; name = SystemConfiguration.framework; path = System/Library/Frameworks/SystemConfiguration.framework; sourceTree = SDKROOT; };
		40E6976A180EE9C600F01318 /* navbar_preference@2x.png */ = {isa = PBXFileReference; lastKnownFileType = image.png; path = "navbar_preference@2x.png"; sourceTree = "<group>"; };
		40E6976C180EEDC100F01318 /* PreferenceViewController.xib */ = {isa = PBXFileReference; fileEncoding = 4; lastKnownFileType = file.xib; path = PreferenceViewController.xib; sourceTree = "<group>"; };
		40E6976D180EEDC100F01318 /* PreferenceViewController.h */ = {isa = PBXFileReference; fileEncoding = 4; lastKnownFileType = sourcecode.c.h; path = PreferenceViewController.h; sourceTree = "<group>"; };
		40E6976E180EEDC100F01318 /* PreferenceViewController.m */ = {isa = PBXFileReference; fileEncoding = 4; lastKnownFileType = sourcecode.c.objc; path = PreferenceViewController.m; sourceTree = "<group>"; };
		40E69775180F2C3B00F01318 /* LaunchViewController-iPad.xib */ = {isa = PBXFileReference; fileEncoding = 4; lastKnownFileType = file.xib; path = "LaunchViewController-iPad.xib"; sourceTree = "<group>"; };
		40E69777180F2D2400F01318 /* ContentViewController-iPad.xib */ = {isa = PBXFileReference; fileEncoding = 4; lastKnownFileType = file.xib; path = "ContentViewController-iPad.xib"; sourceTree = "<group>"; };
		40E69779180F2D4100F01318 /* MainMenuController-iPad.xib */ = {isa = PBXFileReference; fileEncoding = 4; lastKnownFileType = file.xib; path = "MainMenuController-iPad.xib"; sourceTree = "<group>"; };
		4459D10D1AE90A5F0062C1D4 /* UIImage+CameraFilters.h */ = {isa = PBXFileReference; fileEncoding = 4; lastKnownFileType = sourcecode.c.h; name = "UIImage+CameraFilters.h"; path = "TGCameraViewController/Category/UIImage+CameraFilters.h"; sourceTree = "<group>"; };
		4459D10E1AE90A5F0062C1D4 /* UIImage+CameraFilters.m */ = {isa = PBXFileReference; fileEncoding = 4; lastKnownFileType = sourcecode.c.objc; name = "UIImage+CameraFilters.m"; path = "TGCameraViewController/Category/UIImage+CameraFilters.m"; sourceTree = "<group>"; };
		4459D1101AE90A6A0062C1D4 /* TGCameraAuthorizationViewController.h */ = {isa = PBXFileReference; fileEncoding = 4; lastKnownFileType = sourcecode.c.h; name = TGCameraAuthorizationViewController.h; path = TGCameraViewController/Control/TGCameraAuthorizationViewController.h; sourceTree = "<group>"; };
		4459D1111AE90A6A0062C1D4 /* TGCameraAuthorizationViewController.m */ = {isa = PBXFileReference; fileEncoding = 4; lastKnownFileType = sourcecode.c.objc; name = TGCameraAuthorizationViewController.m; path = TGCameraViewController/Control/TGCameraAuthorizationViewController.m; sourceTree = "<group>"; };
		4459D1121AE90A6A0062C1D4 /* TGCameraNavigationController.h */ = {isa = PBXFileReference; fileEncoding = 4; lastKnownFileType = sourcecode.c.h; name = TGCameraNavigationController.h; path = TGCameraViewController/Control/TGCameraNavigationController.h; sourceTree = "<group>"; };
		4459D1131AE90A6A0062C1D4 /* TGCameraNavigationController.m */ = {isa = PBXFileReference; fileEncoding = 4; lastKnownFileType = sourcecode.c.objc; name = TGCameraNavigationController.m; path = TGCameraViewController/Control/TGCameraNavigationController.m; sourceTree = "<group>"; };
		4459D1141AE90A6A0062C1D4 /* TGCameraViewController.h */ = {isa = PBXFileReference; fileEncoding = 4; lastKnownFileType = sourcecode.c.h; name = TGCameraViewController.h; path = TGCameraViewController/Control/TGCameraViewController.h; sourceTree = "<group>"; };
		4459D1151AE90A6A0062C1D4 /* TGCameraViewController.m */ = {isa = PBXFileReference; fileEncoding = 4; lastKnownFileType = sourcecode.c.objc; name = TGCameraViewController.m; path = TGCameraViewController/Control/TGCameraViewController.m; sourceTree = "<group>"; };
		4459D1161AE90A6A0062C1D4 /* TGPhotoViewController.h */ = {isa = PBXFileReference; fileEncoding = 4; lastKnownFileType = sourcecode.c.h; name = TGPhotoViewController.h; path = TGCameraViewController/Control/TGPhotoViewController.h; sourceTree = "<group>"; };
		4459D1171AE90A6A0062C1D4 /* TGPhotoViewController.m */ = {isa = PBXFileReference; fileEncoding = 4; lastKnownFileType = sourcecode.c.objc; name = TGPhotoViewController.m; path = TGCameraViewController/Control/TGPhotoViewController.m; sourceTree = "<group>"; };
		4459D11C1AE90A750062C1D4 /* TGAssetImageFile.h */ = {isa = PBXFileReference; fileEncoding = 4; lastKnownFileType = sourcecode.c.h; name = TGAssetImageFile.h; path = TGCameraViewController/Model/TGAssetImageFile.h; sourceTree = "<group>"; };
		4459D11D1AE90A750062C1D4 /* TGAssetImageFile.m */ = {isa = PBXFileReference; fileEncoding = 4; lastKnownFileType = sourcecode.c.objc; name = TGAssetImageFile.m; path = TGCameraViewController/Model/TGAssetImageFile.m; sourceTree = "<group>"; };
		4459D11F1AE90A820062C1D4 /* TGAlbum.h */ = {isa = PBXFileReference; fileEncoding = 4; lastKnownFileType = sourcecode.c.h; name = TGAlbum.h; path = TGCameraViewController/Helper/TGAlbum.h; sourceTree = "<group>"; };
		4459D1201AE90A820062C1D4 /* TGAlbum.m */ = {isa = PBXFileReference; fileEncoding = 4; lastKnownFileType = sourcecode.c.objc; name = TGAlbum.m; path = TGCameraViewController/Helper/TGAlbum.m; sourceTree = "<group>"; };
		4459D1211AE90A820062C1D4 /* TGAssetsLibrary.h */ = {isa = PBXFileReference; fileEncoding = 4; lastKnownFileType = sourcecode.c.h; name = TGAssetsLibrary.h; path = TGCameraViewController/Helper/TGAssetsLibrary.h; sourceTree = "<group>"; };
		4459D1221AE90A820062C1D4 /* TGAssetsLibrary.m */ = {isa = PBXFileReference; fileEncoding = 4; lastKnownFileType = sourcecode.c.objc; name = TGAssetsLibrary.m; path = TGCameraViewController/Helper/TGAssetsLibrary.m; sourceTree = "<group>"; };
		4459D1231AE90A820062C1D4 /* TGCamera.h */ = {isa = PBXFileReference; fileEncoding = 4; lastKnownFileType = sourcecode.c.h; name = TGCamera.h; path = TGCameraViewController/Helper/TGCamera.h; sourceTree = "<group>"; };
		4459D1241AE90A820062C1D4 /* TGCamera.m */ = {isa = PBXFileReference; fileEncoding = 4; lastKnownFileType = sourcecode.c.objc; name = TGCamera.m; path = TGCameraViewController/Helper/TGCamera.m; sourceTree = "<group>"; };
		4459D1251AE90A820062C1D4 /* TGCameraColor.h */ = {isa = PBXFileReference; fileEncoding = 4; lastKnownFileType = sourcecode.c.h; name = TGCameraColor.h; path = TGCameraViewController/Helper/TGCameraColor.h; sourceTree = "<group>"; };
		4459D1261AE90A820062C1D4 /* TGCameraColor.m */ = {isa = PBXFileReference; fileEncoding = 4; lastKnownFileType = sourcecode.c.objc; name = TGCameraColor.m; path = TGCameraViewController/Helper/TGCameraColor.m; sourceTree = "<group>"; };
		4459D1271AE90A820062C1D4 /* TGCameraFlash.h */ = {isa = PBXFileReference; fileEncoding = 4; lastKnownFileType = sourcecode.c.h; name = TGCameraFlash.h; path = TGCameraViewController/Helper/TGCameraFlash.h; sourceTree = "<group>"; };
		4459D1281AE90A820062C1D4 /* TGCameraFlash.m */ = {isa = PBXFileReference; fileEncoding = 4; lastKnownFileType = sourcecode.c.objc; name = TGCameraFlash.m; path = TGCameraViewController/Helper/TGCameraFlash.m; sourceTree = "<group>"; };
		4459D1291AE90A820062C1D4 /* TGCameraFocus.h */ = {isa = PBXFileReference; fileEncoding = 4; lastKnownFileType = sourcecode.c.h; name = TGCameraFocus.h; path = TGCameraViewController/Helper/TGCameraFocus.h; sourceTree = "<group>"; };
		4459D12A1AE90A820062C1D4 /* TGCameraFocus.m */ = {isa = PBXFileReference; fileEncoding = 4; lastKnownFileType = sourcecode.c.objc; name = TGCameraFocus.m; path = TGCameraViewController/Helper/TGCameraFocus.m; sourceTree = "<group>"; };
		4459D12B1AE90A820062C1D4 /* TGCameraGrid.h */ = {isa = PBXFileReference; fileEncoding = 4; lastKnownFileType = sourcecode.c.h; name = TGCameraGrid.h; path = TGCameraViewController/Helper/TGCameraGrid.h; sourceTree = "<group>"; };
		4459D12C1AE90A820062C1D4 /* TGCameraGrid.m */ = {isa = PBXFileReference; fileEncoding = 4; lastKnownFileType = sourcecode.c.objc; name = TGCameraGrid.m; path = TGCameraViewController/Helper/TGCameraGrid.m; sourceTree = "<group>"; };
		4459D12D1AE90A820062C1D4 /* TGCameraShot.h */ = {isa = PBXFileReference; fileEncoding = 4; lastKnownFileType = sourcecode.c.h; name = TGCameraShot.h; path = TGCameraViewController/Helper/TGCameraShot.h; sourceTree = "<group>"; };
		4459D12E1AE90A820062C1D4 /* TGCameraShot.m */ = {isa = PBXFileReference; fileEncoding = 4; lastKnownFileType = sourcecode.c.objc; name = TGCameraShot.m; path = TGCameraViewController/Helper/TGCameraShot.m; sourceTree = "<group>"; };
		4459D12F1AE90A820062C1D4 /* TGCameraToggle.h */ = {isa = PBXFileReference; fileEncoding = 4; lastKnownFileType = sourcecode.c.h; name = TGCameraToggle.h; path = TGCameraViewController/Helper/TGCameraToggle.h; sourceTree = "<group>"; };
		4459D1301AE90A820062C1D4 /* TGCameraToggle.m */ = {isa = PBXFileReference; fileEncoding = 4; lastKnownFileType = sourcecode.c.objc; name = TGCameraToggle.m; path = TGCameraViewController/Helper/TGCameraToggle.m; sourceTree = "<group>"; };
		4459D13A1AE90A960062C1D4 /* AppIcon.appiconset */ = {isa = PBXFileReference; lastKnownFileType = folder; name = AppIcon.appiconset; path = TGCameraViewController/TGCameraViewController.xcassets/AppIcon.appiconset; sourceTree = "<group>"; };
		4459D13B1AE90A960062C1D4 /* CameraBack.imageset */ = {isa = PBXFileReference; lastKnownFileType = folder; name = CameraBack.imageset; path = TGCameraViewController/TGCameraViewController.xcassets/CameraBack.imageset; sourceTree = "<group>"; };
		4459D13C1AE90A960062C1D4 /* CameraClose.imageset */ = {isa = PBXFileReference; lastKnownFileType = folder; name = CameraClose.imageset; path = TGCameraViewController/TGCameraViewController.xcassets/CameraClose.imageset; sourceTree = "<group>"; };
		4459D13D1AE90A960062C1D4 /* CameraConfirm.imageset */ = {isa = PBXFileReference; lastKnownFileType = folder; name = CameraConfirm.imageset; path = TGCameraViewController/TGCameraViewController.xcassets/CameraConfirm.imageset; sourceTree = "<group>"; };
		4459D13E1AE90A960062C1D4 /* CameraDetail.imageset */ = {isa = PBXFileReference; lastKnownFileType = folder; name = CameraDetail.imageset; path = TGCameraViewController/TGCameraViewController.xcassets/CameraDetail.imageset; sourceTree = "<group>"; };
		4459D13F1AE90A960062C1D4 /* CameraEffectCurve.imageset */ = {isa = PBXFileReference; lastKnownFileType = folder; name = CameraEffectCurve.imageset; path = TGCameraViewController/TGCameraViewController.xcassets/CameraEffectCurve.imageset; sourceTree = "<group>"; };
		4459D1401AE90A960062C1D4 /* CameraEffectDefault.imageset */ = {isa = PBXFileReference; lastKnownFileType = folder; name = CameraEffectDefault.imageset; path = TGCameraViewController/TGCameraViewController.xcassets/CameraEffectDefault.imageset; sourceTree = "<group>"; };
		4459D1411AE90A960062C1D4 /* CameraEffectSature.imageset */ = {isa = PBXFileReference; lastKnownFileType = folder; name = CameraEffectSature.imageset; path = TGCameraViewController/TGCameraViewController.xcassets/CameraEffectSature.imageset; sourceTree = "<group>"; };
		4459D1421AE90A960062C1D4 /* CameraEffectVignette.imageset */ = {isa = PBXFileReference; lastKnownFileType = folder; name = CameraEffectVignette.imageset; path = TGCameraViewController/TGCameraViewController.xcassets/CameraEffectVignette.imageset; sourceTree = "<group>"; };
		4459D1431AE90A960062C1D4 /* CameraFilter.imageset */ = {isa = PBXFileReference; lastKnownFileType = folder; name = CameraFilter.imageset; path = TGCameraViewController/TGCameraViewController.xcassets/CameraFilter.imageset; sourceTree = "<group>"; };
		4459D1441AE90A960062C1D4 /* CameraFlashAuto.imageset */ = {isa = PBXFileReference; lastKnownFileType = folder; name = CameraFlashAuto.imageset; path = TGCameraViewController/TGCameraViewController.xcassets/CameraFlashAuto.imageset; sourceTree = "<group>"; };
		4459D1451AE90A960062C1D4 /* CameraFlashOff.imageset */ = {isa = PBXFileReference; lastKnownFileType = folder; name = CameraFlashOff.imageset; path = TGCameraViewController/TGCameraViewController.xcassets/CameraFlashOff.imageset; sourceTree = "<group>"; };
		4459D1461AE90A960062C1D4 /* CameraFlashOn.imageset */ = {isa = PBXFileReference; lastKnownFileType = folder; name = CameraFlashOn.imageset; path = TGCameraViewController/TGCameraViewController.xcassets/CameraFlashOn.imageset; sourceTree = "<group>"; };
		4459D1471AE90A960062C1D4 /* CameraGrid.imageset */ = {isa = PBXFileReference; lastKnownFileType = folder; name = CameraGrid.imageset; path = TGCameraViewController/TGCameraViewController.xcassets/CameraGrid.imageset; sourceTree = "<group>"; };
		4459D1481AE90A960062C1D4 /* CameraRoll.imageset */ = {isa = PBXFileReference; lastKnownFileType = folder; name = CameraRoll.imageset; path = TGCameraViewController/TGCameraViewController.xcassets/CameraRoll.imageset; sourceTree = "<group>"; };
		4459D1491AE90A960062C1D4 /* CameraShot.imageset */ = {isa = PBXFileReference; lastKnownFileType = folder; name = CameraShot.imageset; path = TGCameraViewController/TGCameraViewController.xcassets/CameraShot.imageset; sourceTree = "<group>"; };
		4459D14A1AE90A960062C1D4 /* CameraToggle.imageset */ = {isa = PBXFileReference; lastKnownFileType = folder; name = CameraToggle.imageset; path = TGCameraViewController/TGCameraViewController.xcassets/CameraToggle.imageset; sourceTree = "<group>"; };
		4459D14B1AE90A960062C1D4 /* LaunchImage.launchimage */ = {isa = PBXFileReference; lastKnownFileType = folder; name = LaunchImage.launchimage; path = TGCameraViewController/TGCameraViewController.xcassets/LaunchImage.launchimage; sourceTree = "<group>"; };
		4459D15E1AE90AA40062C1D4 /* TGCameraFilterView.h */ = {isa = PBXFileReference; fileEncoding = 4; lastKnownFileType = sourcecode.c.h; name = TGCameraFilterView.h; path = TGCameraViewController/UI/TGCameraFilterView.h; sourceTree = "<group>"; };
		4459D15F1AE90AA40062C1D4 /* TGCameraFilterView.m */ = {isa = PBXFileReference; fileEncoding = 4; lastKnownFileType = sourcecode.c.objc; name = TGCameraFilterView.m; path = TGCameraViewController/UI/TGCameraFilterView.m; sourceTree = "<group>"; };
		4459D1601AE90AA40062C1D4 /* TGCameraFocusView.h */ = {isa = PBXFileReference; fileEncoding = 4; lastKnownFileType = sourcecode.c.h; name = TGCameraFocusView.h; path = TGCameraViewController/UI/TGCameraFocusView.h; sourceTree = "<group>"; };
		4459D1611AE90AA40062C1D4 /* TGCameraFocusView.m */ = {isa = PBXFileReference; fileEncoding = 4; lastKnownFileType = sourcecode.c.objc; name = TGCameraFocusView.m; path = TGCameraViewController/UI/TGCameraFocusView.m; sourceTree = "<group>"; };
		4459D1621AE90AA40062C1D4 /* TGCameraGridView.h */ = {isa = PBXFileReference; fileEncoding = 4; lastKnownFileType = sourcecode.c.h; name = TGCameraGridView.h; path = TGCameraViewController/UI/TGCameraGridView.h; sourceTree = "<group>"; };
		4459D1631AE90AA40062C1D4 /* TGCameraGridView.m */ = {isa = PBXFileReference; fileEncoding = 4; lastKnownFileType = sourcecode.c.objc; name = TGCameraGridView.m; path = TGCameraViewController/UI/TGCameraGridView.m; sourceTree = "<group>"; };
		4459D1641AE90AA40062C1D4 /* TGCameraSlideDownView.h */ = {isa = PBXFileReference; fileEncoding = 4; lastKnownFileType = sourcecode.c.h; name = TGCameraSlideDownView.h; path = TGCameraViewController/UI/TGCameraSlideDownView.h; sourceTree = "<group>"; };
		4459D1651AE90AA40062C1D4 /* TGCameraSlideDownView.m */ = {isa = PBXFileReference; fileEncoding = 4; lastKnownFileType = sourcecode.c.objc; name = TGCameraSlideDownView.m; path = TGCameraViewController/UI/TGCameraSlideDownView.m; sourceTree = "<group>"; };
		4459D1661AE90AA40062C1D4 /* TGCameraSlideUpView.h */ = {isa = PBXFileReference; fileEncoding = 4; lastKnownFileType = sourcecode.c.h; name = TGCameraSlideUpView.h; path = TGCameraViewController/UI/TGCameraSlideUpView.h; sourceTree = "<group>"; };
		4459D1671AE90AA40062C1D4 /* TGCameraSlideUpView.m */ = {isa = PBXFileReference; fileEncoding = 4; lastKnownFileType = sourcecode.c.objc; name = TGCameraSlideUpView.m; path = TGCameraViewController/UI/TGCameraSlideUpView.m; sourceTree = "<group>"; };
		4459D1681AE90AA40062C1D4 /* TGCameraSlideView.h */ = {isa = PBXFileReference; fileEncoding = 4; lastKnownFileType = sourcecode.c.h; name = TGCameraSlideView.h; path = TGCameraViewController/UI/TGCameraSlideView.h; sourceTree = "<group>"; };
		4459D1691AE90AA40062C1D4 /* TGCameraSlideView.m */ = {isa = PBXFileReference; fileEncoding = 4; lastKnownFileType = sourcecode.c.objc; name = TGCameraSlideView.m; path = TGCameraViewController/UI/TGCameraSlideView.m; sourceTree = "<group>"; };
		4459D1711AE90ADB0062C1D4 /* Base */ = {isa = PBXFileReference; lastKnownFileType = file.xib; name = Base; path = TGCameraViewController/View/Base.lproj/TGCameraAuthorizationViewController.xib; sourceTree = "<group>"; };
		4459D1731AE90ADB0062C1D4 /* Base */ = {isa = PBXFileReference; lastKnownFileType = file.xib; name = Base; path = TGCameraViewController/View/Base.lproj/TGCameraViewController.xib; sourceTree = "<group>"; };
		4459D1751AE90ADB0062C1D4 /* Base */ = {isa = PBXFileReference; lastKnownFileType = file.xib; name = Base; path = TGCameraViewController/View/Base.lproj/TGPhotoViewController.xib; sourceTree = "<group>"; };
		4459D17A1AE90B460062C1D4 /* de */ = {isa = PBXFileReference; lastKnownFileType = text.plist.strings; name = de; path = TGCameraViewController/View/de.lproj/TGCameraAuthorizationViewController.strings; sourceTree = "<group>"; };
		4459D17C1AE90B510062C1D4 /* pt-BR */ = {isa = PBXFileReference; lastKnownFileType = text.plist.strings; name = "pt-BR"; path = "TGCameraViewController/View/pt-BR.lproj/TGCameraAuthorizationViewController.strings"; sourceTree = "<group>"; };
		44691C6D1A8260FE00736084 /* libProBtn-1.2.2.a */ = {isa = PBXFileReference; lastKnownFileType = archive.ar; path = "libProBtn-1.2.2.a"; sourceTree = "<group>"; };
		44691C6F1A82610700736084 /* libProBtn-1.2.3.a */ = {isa = PBXFileReference; lastKnownFileType = archive.ar; path = "libProBtn-1.2.3.a"; sourceTree = "<group>"; };
		4473101B1A136D5C000F520D /* libProBtn-1.2.a */ = {isa = PBXFileReference; lastKnownFileType = archive.ar; path = "libProBtn-1.2.a"; sourceTree = "<group>"; };
		44D33FAD1A24CE0F00C417D4 /* libProBtn-1.2.1.a */ = {isa = PBXFileReference; lastKnownFileType = archive.ar; path = "libProBtn-1.2.1.a"; sourceTree = "<group>"; };
		75A92C621850EFA3005D04C1 /* eqwid_button_active@2x.png */ = {isa = PBXFileReference; lastKnownFileType = image.png; path = "eqwid_button_active@2x.png"; sourceTree = "<group>"; };
		75A92C631850EFA3005D04C1 /* eqwid_button@2x.png */ = {isa = PBXFileReference; lastKnownFileType = image.png; path = "eqwid_button@2x.png"; sourceTree = "<group>"; };
		75A92C681851E1EA005D04C1 /* chicago_bulls2_button_active@2x.png */ = {isa = PBXFileReference; lastKnownFileType = image.png; path = "chicago_bulls2_button_active@2x.png"; sourceTree = "<group>"; };
		75A92C691851E1EA005D04C1 /* chicago_bulls2_button@2x.png */ = {isa = PBXFileReference; lastKnownFileType = image.png; path = "chicago_bulls2_button@2x.png"; sourceTree = "<group>"; };
		75A92C6E1851E230005D04C1 /* chicago_bulls1_button_active@2x.png */ = {isa = PBXFileReference; lastKnownFileType = image.png; path = "chicago_bulls1_button_active@2x.png"; sourceTree = "<group>"; };
		75A92C6F1851E230005D04C1 /* chicago_bulls1_button@2x.png */ = {isa = PBXFileReference; lastKnownFileType = image.png; path = "chicago_bulls1_button@2x.png"; sourceTree = "<group>"; };
		75A92C721851F045005D04C1 /* icon_chicago_bulls1@2x.png */ = {isa = PBXFileReference; lastKnownFileType = image.png; path = "icon_chicago_bulls1@2x.png"; sourceTree = "<group>"; };
		75A92C731851F045005D04C1 /* icon_chicago_bulls2@2x.png */ = {isa = PBXFileReference; lastKnownFileType = image.png; path = "icon_chicago_bulls2@2x.png"; sourceTree = "<group>"; };
		75A92C761851F09A005D04C1 /* icon_eqwid@2x.png */ = {isa = PBXFileReference; lastKnownFileType = image.png; path = "icon_eqwid@2x.png"; sourceTree = "<group>"; };
/* End PBXFileReference section */

/* Begin PBXFrameworksBuildPhase section */
		40B8249F180BCB4300DDA03A /* Frameworks */ = {
			isa = PBXFrameworksBuildPhase;
			buildActionMask = 2147483647;
			files = (
				40DB19AE182C353300BA4CC1 /* SystemConfiguration.framework in Frameworks */,
				44691C701A82610700736084 /* libProBtn-1.2.3.a in Frameworks */,
				40B824A6180BCB4300DDA03A /* Foundation.framework in Frameworks */,
				40B824ED180BCB7500DDA03A /* CoreLocation.framework in Frameworks */,
				40B824A8180BCB4300DDA03A /* CoreGraphics.framework in Frameworks */,
				40B824EB180BCB6F00DDA03A /* QuartzCore.framework in Frameworks */,
				40B824AA180BCB4300DDA03A /* UIKit.framework in Frameworks */,
				406174311817DD9B0098E72A /* CoreTelephony.framework in Frameworks */,
				405567D81817FB2500AFDFC8 /* AdSupport.framework in Frameworks */,
				405567D61817FB1B00AFDFC8 /* libz.dylib in Frameworks */,
				405567D21817FA4500AFDFC8 /* libTestFlight.a in Frameworks */,
			);
			runOnlyForDeploymentPostprocessing = 0;
		};
/* End PBXFrameworksBuildPhase section */

/* Begin PBXGroup section */
		4028C711180C758800243548 /* Images */ = {
			isa = PBXGroup;
			children = (
				408AD09A180EDCDF00D49116 /* ProBtn */,
				75A92C761851F09A005D04C1 /* icon_eqwid@2x.png */,
				75A92C721851F045005D04C1 /* icon_chicago_bulls1@2x.png */,
				75A92C731851F045005D04C1 /* icon_chicago_bulls2@2x.png */,
				408AD095180EDCD900D49116 /* navbar@2x.png */,
				408AD0A3180EE35700D49116 /* navbar_menu@2x.png */,
				40E6976A180EE9C600F01318 /* navbar_preference@2x.png */,
				408AD0A1180EDF4200D49116 /* button_basic@2x.png */,
				408AD0A5180EE4A800D49116 /* button_menu_normal@2x.png */,
				408AD0A6180EE4A800D49116 /* button_menu_select@2x.png */,
				408AD094180EDCD900D49116 /* icon_survey@2x.png */,
				408AD092180EDCD900D49116 /* icon_shop@2x.png */,
				408AD093180EDCD900D49116 /* icon_advertising@2x.png */,
			);
			path = Images;
			sourceTree = "<group>";
		};
		405567CD1817FA4500AFDFC8 /* TestFlight */ = {
			isa = PBXGroup;
			children = (
				405567CE1817FA4500AFDFC8 /* libTestFlight.a */,
				405567CF1817FA4500AFDFC8 /* TestFlight+AsyncLogging.h */,
				405567D01817FA4500AFDFC8 /* TestFlight+ManualSessions.h */,
				405567D11817FA4500AFDFC8 /* TestFlight.h */,
			);
			path = TestFlight;
			sourceTree = "<group>";
		};
		4080C8FB180EB98100B22B7D /* Classes */ = {
			isa = PBXGroup;
			children = (
				4080C94C180EBA5100B22B7D /* ViewControllers */,
				4080C98B180EBE7400B22B7D /* Views */,
				4080C8FC180EB98100B22B7D /* Application.h */,
				4080C8FD180EB98100B22B7D /* Application.m */,
				4080C8FE180EB98100B22B7D /* Window.h */,
				4080C8FF180EB98100B22B7D /* Window.m */,
			);
			path = Classes;
			sourceTree = "<group>";
		};
		4080C900180EB98100B22B7D /* Library */ = {
			isa = PBXGroup;
			children = (
				4459D1051AE909E80062C1D4 /* TGCameraViewController */,
				4080C901180EB98100B22B7D /* FGLibrary */,
				405567CD1817FA4500AFDFC8 /* TestFlight */,
				40836388183CC92500BDF636 /* ProBtn */,
			);
			path = Library;
			sourceTree = "<group>";
		};
		4080C901180EB98100B22B7D /* FGLibrary */ = {
			isa = PBXGroup;
			children = (
				4080C905180EB98100B22B7D /* FGCore */,
				4080C90B180EB98100B22B7D /* FGSlideNavigation */,
				4080C902180EB98100B22B7D /* FGAccordionView */,
			);
			path = FGLibrary;
			sourceTree = "<group>";
		};
		4080C902180EB98100B22B7D /* FGAccordionView */ = {
			isa = PBXGroup;
			children = (
				4080C903180EB98100B22B7D /* FGAccordionView.h */,
				4080C904180EB98100B22B7D /* FGAccordionView.m */,
			);
			path = FGAccordionView;
			sourceTree = "<group>";
		};
		4080C905180EB98100B22B7D /* FGCore */ = {
			isa = PBXGroup;
			children = (
				4080C906180EB98100B22B7D /* FGCore.h */,
				4080C909180EB98100B22B7D /* FGUIKit.h */,
				4080C90A180EB98100B22B7D /* FGUIKit.m */,
			);
			path = FGCore;
			sourceTree = "<group>";
		};
		4080C90B180EB98100B22B7D /* FGSlideNavigation */ = {
			isa = PBXGroup;
			children = (
				4080C90C180EB98100B22B7D /* FGSlideNavigation.h */,
				4080C90D180EB98100B22B7D /* FGSlideNavigation.m */,
			);
			path = FGSlideNavigation;
			sourceTree = "<group>";
		};
		4080C94C180EBA5100B22B7D /* ViewControllers */ = {
			isa = PBXGroup;
			children = (
				4080C94D180EBA5100B22B7D /* Launch */,
				4080C959180EBA5100B22B7D /* Main */,
				4080C96F180EBA5100B22B7D /* CoreNavigationController.h */,
				4080C970180EBA5100B22B7D /* CoreNavigationController.m */,
				4080C971180EBA5100B22B7D /* CoreViewController.h */,
				4080C972180EBA5100B22B7D /* CoreViewController.m */,
			);
			path = ViewControllers;
			sourceTree = "<group>";
		};
		4080C94D180EBA5100B22B7D /* Launch */ = {
			isa = PBXGroup;
			children = (
				4080C988180EBB2000B22B7D /* LaunchNavigationController.h */,
				4080C989180EBB2000B22B7D /* LaunchNavigationController.m */,
				4080C957180EBA5100B22B7D /* LaunchViewController.h */,
				4080C958180EBA5100B22B7D /* LaunchViewController.m */,
				4080C956180EBA5100B22B7D /* LaunchViewController-iPhone.xib */,
				40E69775180F2C3B00F01318 /* LaunchViewController-iPad.xib */,
			);
			path = Launch;
			sourceTree = "<group>";
		};
		4080C959180EBA5100B22B7D /* Main */ = {
			isa = PBXGroup;
			children = (
				4080C961180EBA5100B22B7D /* MainNavigationController.h */,
				4080C962180EBA5100B22B7D /* MainNavigationController.m */,
				4080C95F180EBA5100B22B7D /* MainMenuController.h */,
				4080C960180EBA5100B22B7D /* MainMenuController.m */,
				4080C95E180EBA5100B22B7D /* MainMenuController-iPhone.xib */,
				40E69779180F2D4100F01318 /* MainMenuController-iPad.xib */,
				408AD08E180ED08900D49116 /* ContentViewController.h */,
				408AD08F180ED08900D49116 /* ContentViewController.m */,
				408AD08D180ED08900D49116 /* ContentViewController-iPhone.xib */,
				40E69777180F2D2400F01318 /* ContentViewController-iPad.xib */,
				40E6976D180EEDC100F01318 /* PreferenceViewController.h */,
				40E6976E180EEDC100F01318 /* PreferenceViewController.m */,
				40E6976C180EEDC100F01318 /* PreferenceViewController.xib */,
			);
			path = Main;
			sourceTree = "<group>";
		};
		4080C98B180EBE7400B22B7D /* Views */ = {
			isa = PBXGroup;
			children = (
				4080C98C180EBE7400B22B7D /* Buttons.h */,
				4080C98D180EBE7400B22B7D /* Buttons.m */,
				4080C98E180EBE7400B22B7D /* NavigationBar.h */,
				4080C98F180EBE7400B22B7D /* NavigationBar.m */,
			);
			path = Views;
			sourceTree = "<group>";
		};
		40836388183CC92500BDF636 /* ProBtn */ = {
			isa = PBXGroup;
			children = (
				44691C6F1A82610700736084 /* libProBtn-1.2.3.a */,
				44691C6D1A8260FE00736084 /* libProBtn-1.2.2.a */,
				44D33FAD1A24CE0F00C417D4 /* libProBtn-1.2.1.a */,
				4473101B1A136D5C000F520D /* libProBtn-1.2.a */,
				40836389183CC92500BDF636 /* libProBtn-1.0.a */,
				4083638A183CC92500BDF636 /* libProBtn-1.1.a */,
				4083638B183CC92500BDF636 /* ProBtn.h */,
				4083638C183CC92500BDF636 /* ProBtnVersion.h */,
			);
			name = ProBtn;
			path = ../../../Library;
			sourceTree = "<group>";
		};
		408AD09A180EDCDF00D49116 /* ProBtn */ = {
			isa = PBXGroup;
			children = (
				75A92C6E1851E230005D04C1 /* chicago_bulls1_button_active@2x.png */,
				75A92C6F1851E230005D04C1 /* chicago_bulls1_button@2x.png */,
				75A92C681851E1EA005D04C1 /* chicago_bulls2_button_active@2x.png */,
				75A92C691851E1EA005D04C1 /* chicago_bulls2_button@2x.png */,
				75A92C621850EFA3005D04C1 /* eqwid_button_active@2x.png */,
				75A92C631850EFA3005D04C1 /* eqwid_button@2x.png */,
				408AD09D180EDCDF00D49116 /* survey_button@2x.png */,
				408AD09B180EDCDF00D49116 /* shop_button@2x.png */,
				408AD09C180EDCDF00D49116 /* advertising_button@2x.png */,
			);
			path = ProBtn;
			sourceTree = "<group>";
		};
		40B82499180BCB4300DDA03A = {
			isa = PBXGroup;
			children = (
				40B824AB180BCB4300DDA03A /* Kitchensink */,
				40B824A4180BCB4300DDA03A /* Frameworks */,
				40B824A3180BCB4300DDA03A /* Products */,
			);
			sourceTree = "<group>";
		};
		40B824A3180BCB4300DDA03A /* Products */ = {
			isa = PBXGroup;
			children = (
				40B824A2180BCB4300DDA03A /* kitchensink-ecwid.app */,
			);
			name = Products;
			sourceTree = "<group>";
		};
		40B824A4180BCB4300DDA03A /* Frameworks */ = {
			isa = PBXGroup;
			children = (
				40DB19AD182C353300BA4CC1 /* SystemConfiguration.framework */,
				405567D71817FB2500AFDFC8 /* AdSupport.framework */,
				405567D51817FB1B00AFDFC8 /* libz.dylib */,
				406174301817DD9B0098E72A /* CoreTelephony.framework */,
				40B824EC180BCB7500DDA03A /* CoreLocation.framework */,
				40B824EA180BCB6F00DDA03A /* QuartzCore.framework */,
				40B824A5180BCB4300DDA03A /* Foundation.framework */,
				40B824A7180BCB4300DDA03A /* CoreGraphics.framework */,
				40B824A9180BCB4300DDA03A /* UIKit.framework */,
				40B824CA180BCB4300DDA03A /* XCTest.framework */,
			);
			name = Frameworks;
			sourceTree = "<group>";
		};
		40B824AB180BCB4300DDA03A /* Kitchensink */ = {
			isa = PBXGroup;
			children = (
				4080C900180EB98100B22B7D /* Library */,
				4080C8FB180EB98100B22B7D /* Classes */,
				40B824C3180BCB4300DDA03A /* Images.xcassets */,
				4028C711180C758800243548 /* Images */,
				40B824AC180BCB4300DDA03A /* Supporting Files */,
			);
			path = Kitchensink;
			sourceTree = "<group>";
		};
		40B824AC180BCB4300DDA03A /* Supporting Files */ = {
			isa = PBXGroup;
			children = (
				40B824AD180BCB4300DDA03A /* Kitchensink-Info.plist */,
				40B824AE180BCB4300DDA03A /* InfoPlist.strings */,
				4051AE9C180BD70F00C6D50B /* Localizable.strings */,
				40B824B1180BCB4300DDA03A /* main.m */,
				40B824B3180BCB4300DDA03A /* Kitchensink-Prefix.pch */,
			);
			name = "Supporting Files";
			sourceTree = "<group>";
		};
		4459D1051AE909E80062C1D4 /* TGCameraViewController */ = {
			isa = PBXGroup;
			children = (
				4459D1061AE90A0B0062C1D4 /* Category */,
				4459D1071AE90A120062C1D4 /* Control */,
				4459D1091AE90A200062C1D4 /* Model */,
				4459D1081AE90A1B0062C1D4 /* Helper */,
				4459D10A1AE90A2F0062C1D4 /* TGCameraViewController.xcassets */,
				4459D10B1AE90A330062C1D4 /* UI */,
				4459D10C1AE90A380062C1D4 /* View */,
			);
			name = TGCameraViewController;
			sourceTree = "<group>";
		};
		4459D1061AE90A0B0062C1D4 /* Category */ = {
			isa = PBXGroup;
			children = (
				4459D10D1AE90A5F0062C1D4 /* UIImage+CameraFilters.h */,
				4459D10E1AE90A5F0062C1D4 /* UIImage+CameraFilters.m */,
			);
			name = Category;
			sourceTree = "<group>";
		};
		4459D1071AE90A120062C1D4 /* Control */ = {
			isa = PBXGroup;
			children = (
				4459D1101AE90A6A0062C1D4 /* TGCameraAuthorizationViewController.h */,
				4459D1111AE90A6A0062C1D4 /* TGCameraAuthorizationViewController.m */,
				4459D1121AE90A6A0062C1D4 /* TGCameraNavigationController.h */,
				4459D1131AE90A6A0062C1D4 /* TGCameraNavigationController.m */,
				4459D1141AE90A6A0062C1D4 /* TGCameraViewController.h */,
				4459D1151AE90A6A0062C1D4 /* TGCameraViewController.m */,
				4459D1161AE90A6A0062C1D4 /* TGPhotoViewController.h */,
				4459D1171AE90A6A0062C1D4 /* TGPhotoViewController.m */,
			);
			name = Control;
			sourceTree = "<group>";
		};
		4459D1081AE90A1B0062C1D4 /* Helper */ = {
			isa = PBXGroup;
			children = (
				4459D11F1AE90A820062C1D4 /* TGAlbum.h */,
				4459D1201AE90A820062C1D4 /* TGAlbum.m */,
				4459D1211AE90A820062C1D4 /* TGAssetsLibrary.h */,
				4459D1221AE90A820062C1D4 /* TGAssetsLibrary.m */,
				4459D1231AE90A820062C1D4 /* TGCamera.h */,
				4459D1241AE90A820062C1D4 /* TGCamera.m */,
				4459D1251AE90A820062C1D4 /* TGCameraColor.h */,
				4459D1261AE90A820062C1D4 /* TGCameraColor.m */,
				4459D1271AE90A820062C1D4 /* TGCameraFlash.h */,
				4459D1281AE90A820062C1D4 /* TGCameraFlash.m */,
				4459D1291AE90A820062C1D4 /* TGCameraFocus.h */,
				4459D12A1AE90A820062C1D4 /* TGCameraFocus.m */,
				4459D12B1AE90A820062C1D4 /* TGCameraGrid.h */,
				4459D12C1AE90A820062C1D4 /* TGCameraGrid.m */,
				4459D12D1AE90A820062C1D4 /* TGCameraShot.h */,
				4459D12E1AE90A820062C1D4 /* TGCameraShot.m */,
				4459D12F1AE90A820062C1D4 /* TGCameraToggle.h */,
				4459D1301AE90A820062C1D4 /* TGCameraToggle.m */,
			);
			name = Helper;
			sourceTree = "<group>";
		};
		4459D1091AE90A200062C1D4 /* Model */ = {
			isa = PBXGroup;
			children = (
				4459D11C1AE90A750062C1D4 /* TGAssetImageFile.h */,
				4459D11D1AE90A750062C1D4 /* TGAssetImageFile.m */,
			);
			name = Model;
			sourceTree = "<group>";
		};
		4459D10A1AE90A2F0062C1D4 /* TGCameraViewController.xcassets */ = {
			isa = PBXGroup;
			children = (
				4459D13A1AE90A960062C1D4 /* AppIcon.appiconset */,
				4459D13B1AE90A960062C1D4 /* CameraBack.imageset */,
				4459D13C1AE90A960062C1D4 /* CameraClose.imageset */,
				4459D13D1AE90A960062C1D4 /* CameraConfirm.imageset */,
				4459D13E1AE90A960062C1D4 /* CameraDetail.imageset */,
				4459D13F1AE90A960062C1D4 /* CameraEffectCurve.imageset */,
				4459D1401AE90A960062C1D4 /* CameraEffectDefault.imageset */,
				4459D1411AE90A960062C1D4 /* CameraEffectSature.imageset */,
				4459D1421AE90A960062C1D4 /* CameraEffectVignette.imageset */,
				4459D1431AE90A960062C1D4 /* CameraFilter.imageset */,
				4459D1441AE90A960062C1D4 /* CameraFlashAuto.imageset */,
				4459D1451AE90A960062C1D4 /* CameraFlashOff.imageset */,
				4459D1461AE90A960062C1D4 /* CameraFlashOn.imageset */,
				4459D1471AE90A960062C1D4 /* CameraGrid.imageset */,
				4459D1481AE90A960062C1D4 /* CameraRoll.imageset */,
				4459D1491AE90A960062C1D4 /* CameraShot.imageset */,
				4459D14A1AE90A960062C1D4 /* CameraToggle.imageset */,
				4459D14B1AE90A960062C1D4 /* LaunchImage.launchimage */,
			);
			name = TGCameraViewController.xcassets;
			sourceTree = "<group>";
		};
		4459D10B1AE90A330062C1D4 /* UI */ = {
			isa = PBXGroup;
			children = (
				4459D15E1AE90AA40062C1D4 /* TGCameraFilterView.h */,
				4459D15F1AE90AA40062C1D4 /* TGCameraFilterView.m */,
				4459D1601AE90AA40062C1D4 /* TGCameraFocusView.h */,
				4459D1611AE90AA40062C1D4 /* TGCameraFocusView.m */,
				4459D1621AE90AA40062C1D4 /* TGCameraGridView.h */,
				4459D1631AE90AA40062C1D4 /* TGCameraGridView.m */,
				4459D1641AE90AA40062C1D4 /* TGCameraSlideDownView.h */,
				4459D1651AE90AA40062C1D4 /* TGCameraSlideDownView.m */,
				4459D1661AE90AA40062C1D4 /* TGCameraSlideUpView.h */,
				4459D1671AE90AA40062C1D4 /* TGCameraSlideUpView.m */,
				4459D1681AE90AA40062C1D4 /* TGCameraSlideView.h */,
				4459D1691AE90AA40062C1D4 /* TGCameraSlideView.m */,
			);
			name = UI;
			sourceTree = "<group>";
		};
		4459D10C1AE90A380062C1D4 /* View */ = {
			isa = PBXGroup;
			children = (
				4459D1791AE90B460062C1D4 /* TGCameraAuthorizationViewController.strings */,
				4459D1701AE90ADB0062C1D4 /* TGCameraAuthorizationViewController.xib */,
				4459D1721AE90ADB0062C1D4 /* TGCameraViewController.xib */,
				4459D1741AE90ADB0062C1D4 /* TGPhotoViewController.xib */,
			);
			name = View;
			sourceTree = "<group>";
		};
/* End PBXGroup section */

/* Begin PBXNativeTarget section */
		40B824A1180BCB4300DDA03A /* Kitchensink */ = {
			isa = PBXNativeTarget;
			buildConfigurationList = 40B824DA180BCB4300DDA03A /* Build configuration list for PBXNativeTarget "Kitchensink" */;
			buildPhases = (
				40B8249E180BCB4300DDA03A /* Sources */,
				40B8249F180BCB4300DDA03A /* Frameworks */,
				40B824A0180BCB4300DDA03A /* Resources */,
			);
			buildRules = (
			);
			dependencies = (
			);
			name = Kitchensink;
			productName = Kitchensink;
			productReference = 40B824A2180BCB4300DDA03A /* kitchensink-ecwid.app */;
			productType = "com.apple.product-type.application";
		};
/* End PBXNativeTarget section */

/* Begin PBXProject section */
		40B8249A180BCB4300DDA03A /* Project object */ = {
			isa = PBXProject;
			attributes = {
				LastUpgradeCheck = 0510;
				ORGANIZATIONNAME = probtn;
				TargetAttributes = {
					40B824A1180BCB4300DDA03A = {
						DevelopmentTeam = 69MLH8NUC5;
					};
				};
			};
			buildConfigurationList = 40B8249D180BCB4300DDA03A /* Build configuration list for PBXProject "Kitchensink" */;
			compatibilityVersion = "Xcode 3.2";
			developmentRegion = English;
			hasScannedForEncodings = 0;
			knownRegions = (
				en,
				Base,
				de,
				"pt-BR",
			);
			mainGroup = 40B82499180BCB4300DDA03A;
			productRefGroup = 40B824A3180BCB4300DDA03A /* Products */;
			projectDirPath = "";
			projectRoot = "";
			targets = (
				40B824A1180BCB4300DDA03A /* Kitchensink */,
			);
		};
/* End PBXProject section */

/* Begin PBXResourcesBuildPhase section */
		40B824A0180BCB4300DDA03A /* Resources */ = {
			isa = PBXResourcesBuildPhase;
			buildActionMask = 2147483647;
			files = (
				4459D14C1AE90A960062C1D4 /* AppIcon.appiconset in Resources */,
				4459D15D1AE90A960062C1D4 /* LaunchImage.launchimage in Resources */,
				408AD0A8180EE4A800D49116 /* button_menu_select@2x.png in Resources */,
				40B824C4180BCB4300DDA03A /* Images.xcassets in Resources */,
				75A92C771851F09A005D04C1 /* icon_eqwid@2x.png in Resources */,
				75A92C751851F045005D04C1 /* icon_chicago_bulls2@2x.png in Resources */,
				40E6976F180EEDC200F01318 /* PreferenceViewController.xib in Resources */,
				4459D17B1AE90B460062C1D4 /* TGCameraAuthorizationViewController.strings in Resources */,
				4459D1521AE90A960062C1D4 /* CameraEffectDefault.imageset in Resources */,
				4459D1571AE90A960062C1D4 /* CameraFlashOff.imageset in Resources */,
				4459D14E1AE90A960062C1D4 /* CameraClose.imageset in Resources */,
				4459D1761AE90ADB0062C1D4 /* TGCameraAuthorizationViewController.xib in Resources */,
				75A92C741851F045005D04C1 /* icon_chicago_bulls1@2x.png in Resources */,
				408AD09E180EDCDF00D49116 /* shop_button@2x.png in Resources */,
				408A7596180D2D5B00BBD08D /* InfoPlist.strings in Resources */,
				4459D15A1AE90A960062C1D4 /* CameraRoll.imageset in Resources */,
				4459D15C1AE90A960062C1D4 /* CameraToggle.imageset in Resources */,
				4459D1501AE90A960062C1D4 /* CameraDetail.imageset in Resources */,
				40E6977A180F2D4100F01318 /* MainMenuController-iPad.xib in Resources */,
				408AD098180EDCD900D49116 /* icon_survey@2x.png in Resources */,
				40E69778180F2D2400F01318 /* ContentViewController-iPad.xib in Resources */,
				75A92C711851E230005D04C1 /* chicago_bulls1_button@2x.png in Resources */,
				408AD096180EDCD900D49116 /* icon_shop@2x.png in Resources */,
				4459D14D1AE90A960062C1D4 /* CameraBack.imageset in Resources */,
				75A92C6C1851E1EA005D04C1 /* chicago_bulls2_button_active@2x.png in Resources */,
				4459D1511AE90A960062C1D4 /* CameraEffectCurve.imageset in Resources */,
				408AD099180EDCD900D49116 /* navbar@2x.png in Resources */,
				408A7597180D2D5E00BBD08D /* Localizable.strings in Resources */,
				4459D1541AE90A960062C1D4 /* CameraEffectVignette.imageset in Resources */,
				75A92C701851E230005D04C1 /* chicago_bulls1_button_active@2x.png in Resources */,
				4459D1591AE90A960062C1D4 /* CameraGrid.imageset in Resources */,
				4459D15B1AE90A960062C1D4 /* CameraShot.imageset in Resources */,
				4080C97C180EBA5100B22B7D /* MainMenuController-iPhone.xib in Resources */,
				408AD09F180EDCDF00D49116 /* advertising_button@2x.png in Resources */,
				4080C978180EBA5100B22B7D /* LaunchViewController-iPhone.xib in Resources */,
				4459D1561AE90A960062C1D4 /* CameraFlashAuto.imageset in Resources */,
				75A92C641850EFA3005D04C1 /* eqwid_button_active@2x.png in Resources */,
				4459D14F1AE90A960062C1D4 /* CameraConfirm.imageset in Resources */,
				408AD0A4180EE35700D49116 /* navbar_menu@2x.png in Resources */,
				408AD0A0180EDCDF00D49116 /* survey_button@2x.png in Resources */,
				408AD090180ED08900D49116 /* ContentViewController-iPhone.xib in Resources */,
				40E69776180F2C3B00F01318 /* LaunchViewController-iPad.xib in Resources */,
				4459D1771AE90ADB0062C1D4 /* TGCameraViewController.xib in Resources */,
				4459D1531AE90A960062C1D4 /* CameraEffectSature.imageset in Resources */,
				4459D1551AE90A960062C1D4 /* CameraFilter.imageset in Resources */,
				408AD0A2180EDF4200D49116 /* button_basic@2x.png in Resources */,
				40E6976B180EE9C600F01318 /* navbar_preference@2x.png in Resources */,
				75A92C651850EFA3005D04C1 /* eqwid_button@2x.png in Resources */,
				408AD0A7180EE4A800D49116 /* button_menu_normal@2x.png in Resources */,
				75A92C6D1851E1EA005D04C1 /* chicago_bulls2_button@2x.png in Resources */,
				408AD097180EDCD900D49116 /* icon_advertising@2x.png in Resources */,
				4459D1781AE90ADB0062C1D4 /* TGPhotoViewController.xib in Resources */,
				4459D1581AE90A960062C1D4 /* CameraFlashOn.imageset in Resources */,
			);
			runOnlyForDeploymentPostprocessing = 0;
		};
/* End PBXResourcesBuildPhase section */

/* Begin PBXSourcesBuildPhase section */
		40B8249E180BCB4300DDA03A /* Sources */ = {
			isa = PBXSourcesBuildPhase;
			buildActionMask = 2147483647;
			files = (
				4459D1351AE90A820062C1D4 /* TGCameraFlash.m in Sources */,
				4080C98A180EBB2000B22B7D /* LaunchNavigationController.m in Sources */,
				4459D1331AE90A820062C1D4 /* TGCamera.m in Sources */,
				4080C93A180EB98100B22B7D /* FGSlideNavigation.m in Sources */,
				4080C986180EBA5100B22B7D /* CoreNavigationController.m in Sources */,
				4459D1191AE90A6A0062C1D4 /* TGCameraNavigationController.m in Sources */,
				4459D1371AE90A820062C1D4 /* TGCameraGrid.m in Sources */,
				40E69770180EEDC200F01318 /* PreferenceViewController.m in Sources */,
				4080C991180EBE7400B22B7D /* NavigationBar.m in Sources */,
				4080C97E180EBA5100B22B7D /* MainNavigationController.m in Sources */,
				4080C97D180EBA5100B22B7D /* MainMenuController.m in Sources */,
				4080C939180EB98100B22B7D /* FGUIKit.m in Sources */,
				4080C979180EBA5100B22B7D /* LaunchViewController.m in Sources */,
				4459D1341AE90A820062C1D4 /* TGCameraColor.m in Sources */,
				4080C937180EB98100B22B7D /* FGAccordionView.m in Sources */,
				4459D1381AE90A820062C1D4 /* TGCameraShot.m in Sources */,
				40B824B2180BCB4300DDA03A /* main.m in Sources */,
				4080C935180EB98100B22B7D /* Application.m in Sources */,
				4459D16D1AE90AA40062C1D4 /* TGCameraSlideDownView.m in Sources */,
				4459D16B1AE90AA40062C1D4 /* TGCameraFocusView.m in Sources */,
				4459D1311AE90A820062C1D4 /* TGAlbum.m in Sources */,
				4459D16C1AE90AA40062C1D4 /* TGCameraGridView.m in Sources */,
				408AD091180ED08900D49116 /* ContentViewController.m in Sources */,
				4459D16A1AE90AA40062C1D4 /* TGCameraFilterView.m in Sources */,
				4459D11B1AE90A6A0062C1D4 /* TGPhotoViewController.m in Sources */,
				4459D16E1AE90AA40062C1D4 /* TGCameraSlideUpView.m in Sources */,
				4459D1391AE90A820062C1D4 /* TGCameraToggle.m in Sources */,
				4459D11A1AE90A6A0062C1D4 /* TGCameraViewController.m in Sources */,
				4459D10F1AE90A5F0062C1D4 /* UIImage+CameraFilters.m in Sources */,
				4459D16F1AE90AA40062C1D4 /* TGCameraSlideView.m in Sources */,
				4080C936180EB98100B22B7D /* Window.m in Sources */,
				4459D1361AE90A820062C1D4 /* TGCameraFocus.m in Sources */,
				4080C990180EBE7400B22B7D /* Buttons.m in Sources */,
				4459D1181AE90A6A0062C1D4 /* TGCameraAuthorizationViewController.m in Sources */,
				4080C987180EBA5100B22B7D /* CoreViewController.m in Sources */,
				4459D11E1AE90A750062C1D4 /* TGAssetImageFile.m in Sources */,
				4459D1321AE90A820062C1D4 /* TGAssetsLibrary.m in Sources */,
			);
			runOnlyForDeploymentPostprocessing = 0;
		};
/* End PBXSourcesBuildPhase section */

/* Begin PBXVariantGroup section */
		4051AE9C180BD70F00C6D50B /* Localizable.strings */ = {
			isa = PBXVariantGroup;
			children = (
				4051AE9D180BD70F00C6D50B /* en */,
			);
			name = Localizable.strings;
			path = ..;
			sourceTree = "<group>";
		};
		40B824AE180BCB4300DDA03A /* InfoPlist.strings */ = {
			isa = PBXVariantGroup;
			children = (
				40B824AF180BCB4300DDA03A /* en */,
			);
			name = InfoPlist.strings;
			sourceTree = "<group>";
		};
		4459D1701AE90ADB0062C1D4 /* TGCameraAuthorizationViewController.xib */ = {
			isa = PBXVariantGroup;
			children = (
				4459D1711AE90ADB0062C1D4 /* Base */,
			);
			name = TGCameraAuthorizationViewController.xib;
			sourceTree = "<group>";
		};
		4459D1721AE90ADB0062C1D4 /* TGCameraViewController.xib */ = {
			isa = PBXVariantGroup;
			children = (
				4459D1731AE90ADB0062C1D4 /* Base */,
			);
			name = TGCameraViewController.xib;
			sourceTree = "<group>";
		};
		4459D1741AE90ADB0062C1D4 /* TGPhotoViewController.xib */ = {
			isa = PBXVariantGroup;
			children = (
				4459D1751AE90ADB0062C1D4 /* Base */,
			);
			name = TGPhotoViewController.xib;
			sourceTree = "<group>";
		};
		4459D1791AE90B460062C1D4 /* TGCameraAuthorizationViewController.strings */ = {
			isa = PBXVariantGroup;
			children = (
				4459D17A1AE90B460062C1D4 /* de */,
				4459D17C1AE90B510062C1D4 /* pt-BR */,
			);
			name = TGCameraAuthorizationViewController.strings;
			sourceTree = "<group>";
		};
/* End PBXVariantGroup section */

/* Begin XCBuildConfiguration section */
		40B824D8180BCB4300DDA03A /* Debug */ = {
			isa = XCBuildConfiguration;
			buildSettings = {
				ALWAYS_SEARCH_USER_PATHS = NO;
				CLANG_CXX_LANGUAGE_STANDARD = "gnu++0x";
				CLANG_CXX_LIBRARY = "libc++";
				CLANG_ENABLE_MODULES = YES;
				CLANG_ENABLE_OBJC_ARC = YES;
				CLANG_WARN_BOOL_CONVERSION = YES;
				CLANG_WARN_CONSTANT_CONVERSION = YES;
				CLANG_WARN_DIRECT_OBJC_ISA_USAGE = YES_ERROR;
				CLANG_WARN_EMPTY_BODY = YES;
				CLANG_WARN_ENUM_CONVERSION = YES;
				CLANG_WARN_INT_CONVERSION = YES;
				CLANG_WARN_OBJC_ROOT_CLASS = YES_ERROR;
				CLANG_WARN__DUPLICATE_METHOD_MATCH = YES;
				"CODE_SIGN_IDENTITY[sdk=iphoneos*]" = "iPhone Developer: Alexander Trifonov (EX346AJ2HU)";
				COPY_PHASE_STRIP = NO;
				GCC_C_LANGUAGE_STANDARD = gnu99;
				GCC_DYNAMIC_NO_PIC = NO;
				GCC_OPTIMIZATION_LEVEL = 0;
				GCC_PREPROCESSOR_DEFINITIONS = (
					"DEBUG=1",
					"$(inherited)",
				);
				GCC_SYMBOLS_PRIVATE_EXTERN = NO;
				GCC_WARN_64_TO_32_BIT_CONVERSION = YES;
				GCC_WARN_ABOUT_RETURN_TYPE = YES_ERROR;
				GCC_WARN_UNDECLARED_SELECTOR = YES;
				GCC_WARN_UNINITIALIZED_AUTOS = YES;
				GCC_WARN_UNUSED_FUNCTION = YES;
				GCC_WARN_UNUSED_VARIABLE = YES;
				HEADER_SEARCH_PATHS = (
					"$(inherited)",
					/Applications/Xcode.app/Contents/Developer/Toolchains/XcodeDefault.xctoolchain/usr/include,
					"$(SRCROOT)/../probtn/",
				);
				IPHONEOS_DEPLOYMENT_TARGET = 5.0;
				LIBRARY_SEARCH_PATHS = "$(inherited)";
				ONLY_ACTIVE_ARCH = YES;
				PROVISIONING_PROFILE = "61B20FB8-CB7C-49C7-97C6-57FD1E59E236";
				SDKROOT = iphoneos;
				TARGETED_DEVICE_FAMILY = "1,2";
			};
			name = Debug;
		};
		40B824D9180BCB4300DDA03A /* Release */ = {
			isa = XCBuildConfiguration;
			buildSettings = {
				ALWAYS_SEARCH_USER_PATHS = NO;
				CLANG_CXX_LANGUAGE_STANDARD = "gnu++0x";
				CLANG_CXX_LIBRARY = "libc++";
				CLANG_ENABLE_MODULES = YES;
				CLANG_ENABLE_OBJC_ARC = YES;
				CLANG_WARN_BOOL_CONVERSION = YES;
				CLANG_WARN_CONSTANT_CONVERSION = YES;
				CLANG_WARN_DIRECT_OBJC_ISA_USAGE = YES_ERROR;
				CLANG_WARN_EMPTY_BODY = YES;
				CLANG_WARN_ENUM_CONVERSION = YES;
				CLANG_WARN_INT_CONVERSION = YES;
				CLANG_WARN_OBJC_ROOT_CLASS = YES_ERROR;
				CLANG_WARN__DUPLICATE_METHOD_MATCH = YES;
				"CODE_SIGN_IDENTITY[sdk=iphoneos*]" = "iPhone Distribution: Havevalue Ltd (69MLH8NUC5)";
				COPY_PHASE_STRIP = YES;
				ENABLE_NS_ASSERTIONS = NO;
				GCC_C_LANGUAGE_STANDARD = gnu99;
				GCC_WARN_64_TO_32_BIT_CONVERSION = YES;
				GCC_WARN_ABOUT_RETURN_TYPE = YES_ERROR;
				GCC_WARN_UNDECLARED_SELECTOR = YES;
				GCC_WARN_UNINITIALIZED_AUTOS = YES;
				GCC_WARN_UNUSED_FUNCTION = YES;
				GCC_WARN_UNUSED_VARIABLE = YES;
				HEADER_SEARCH_PATHS = (
					"$(inherited)",
					/Applications/Xcode.app/Contents/Developer/Toolchains/XcodeDefault.xctoolchain/usr/include,
					"$(SRCROOT)/../probtn/",
				);
				IPHONEOS_DEPLOYMENT_TARGET = 5.0;
				LIBRARY_SEARCH_PATHS = "$(inherited)";
				PROVISIONING_PROFILE = "3F1765D0-2171-492F-B39F-2EDDBCB70266";
				SDKROOT = iphoneos;
				TARGETED_DEVICE_FAMILY = "1,2";
				VALIDATE_PRODUCT = YES;
			};
			name = Release;
		};
		40B824DB180BCB4300DDA03A /* Debug */ = {
			isa = XCBuildConfiguration;
			buildSettings = {
				ASSETCATALOG_COMPILER_APPICON_NAME = AppIcon;
				ASSETCATALOG_COMPILER_LAUNCHIMAGE_NAME = LaunchImage;
				CODE_SIGN_IDENTITY = "iPhone Developer: Виктор Баранов (TPRSB8UTXR)";
				"CODE_SIGN_IDENTITY[sdk=iphoneos*]" = "iPhone Developer: Виктор Баранов (TPRSB8UTXR)";
				GCC_PRECOMPILE_PREFIX_HEADER = YES;
				GCC_PREFIX_HEADER = "Kitchensink/Kitchensink-Prefix.pch";
				INFOPLIST_FILE = "Kitchensink/Kitchensink-Info.plist";
				IPHONEOS_DEPLOYMENT_TARGET = 6.0;
				LIBRARY_SEARCH_PATHS = (
					"$(inherited)",
					"$(SRCROOT)/Kitchensink/Library/TestFlight/",
					"$(SRCROOT)/../Library/",
					"/Users/viktorbaranov/Documents/HintsProjects/probtn-ios/Library",
				);
				OTHER_LDFLAGS = "";
				PRODUCT_NAME = "kitchensink-ecwid";
				PROVISIONING_PROFILE = "8b2bbcae-8284-4b24-8c45-a0e7f7b3f205";
				TARGETED_DEVICE_FAMILY = "1,2";
				VALID_ARCHS = "arm64 armv7 armv7s i386";
				WRAPPER_EXTENSION = app;
			};
			name = Debug;
		};
		40B824DC180BCB4300DDA03A /* Release */ = {
			isa = XCBuildConfiguration;
			buildSettings = {
				ASSETCATALOG_COMPILER_APPICON_NAME = AppIcon;
				ASSETCATALOG_COMPILER_LAUNCHIMAGE_NAME = LaunchImage;
				CODE_SIGN_IDENTITY = "iPhone Distribution: Havevalue Ltd (69MLH8NUC5)";
				"CODE_SIGN_IDENTITY[sdk=iphoneos*]" = "iPhone Distribution: Havevalue Ltd (69MLH8NUC5)";
				GCC_PRECOMPILE_PREFIX_HEADER = YES;
				GCC_PREFIX_HEADER = "Kitchensink/Kitchensink-Prefix.pch";
				INFOPLIST_FILE = "Kitchensink/Kitchensink-Info.plist";
				IPHONEOS_DEPLOYMENT_TARGET = 6.0;
				LIBRARY_SEARCH_PATHS = (
					"$(inherited)",
					"$(SRCROOT)/Kitchensink/Library/TestFlight/",
					"$(SRCROOT)/../Library/",
					"/Users/viktorbaranov/Documents/HintsProjects/probtn-ios/Library",
				);
				OTHER_LDFLAGS = "";
				PRODUCT_NAME = "kitchensink-ecwid";
				PROVISIONING_PROFILE = "06fa9392-0f79-412e-ac50-35f3913ecfa6";
				TARGETED_DEVICE_FAMILY = "1,2";
				VALID_ARCHS = "arm64 armv7 armv7s i386";
				WRAPPER_EXTENSION = app;
			};
			name = Release;
		};
/* End XCBuildConfiguration section */

/* Begin XCConfigurationList section */
		40B8249D180BCB4300DDA03A /* Build configuration list for PBXProject "Kitchensink" */ = {
			isa = XCConfigurationList;
			buildConfigurations = (
				40B824D8180BCB4300DDA03A /* Debug */,
				40B824D9180BCB4300DDA03A /* Release */,
			);
			defaultConfigurationIsVisible = 0;
			defaultConfigurationName = Release;
		};
		40B824DA180BCB4300DDA03A /* Build configuration list for PBXNativeTarget "Kitchensink" */ = {
			isa = XCConfigurationList;
			buildConfigurations = (
				40B824DB180BCB4300DDA03A /* Debug */,
				40B824DC180BCB4300DDA03A /* Release */,
			);
			defaultConfigurationIsVisible = 0;
			defaultConfigurationName = Release;
		};
/* End XCConfigurationList section */
	};
	rootObject = 40B8249A180BCB4300DDA03A /* Project object */;
}
